// !$*UTF8*$!
{
	archiveVersion = 1;
	classes = {
	};
	objectVersion = 46;
	objects = {

/* Begin PBXBuildFile section */
		8403FAC31C75D5BB001FB6FB /* AppDelegate.swift in Sources */ = {isa = PBXBuildFile; fileRef = 8403FAC21C75D5BB001FB6FB /* AppDelegate.swift */; };
		8403FAC51C75D5BB001FB6FB /* ViewController.swift in Sources */ = {isa = PBXBuildFile; fileRef = 8403FAC41C75D5BB001FB6FB /* ViewController.swift */; };
		8403FAC81C75D5BB001FB6FB /* Main.storyboard in Resources */ = {isa = PBXBuildFile; fileRef = 8403FAC61C75D5BB001FB6FB /* Main.storyboard */; };
		8403FACA1C75D5BB001FB6FB /* Assets.xcassets in Resources */ = {isa = PBXBuildFile; fileRef = 8403FAC91C75D5BB001FB6FB /* Assets.xcassets */; };
		8403FACD1C75D5BB001FB6FB /* LaunchScreen.storyboard in Resources */ = {isa = PBXBuildFile; fileRef = 8403FACB1C75D5BB001FB6FB /* LaunchScreen.storyboard */; };
/* End PBXBuildFile section */

/* Begin PBXFileReference section */
		8403FABF1C75D5BB001FB6FB /* 10-CloudKit.app */ = {isa = PBXFileReference; explicitFileType = wrapper.application; includeInIndex = 0; path = "10-CloudKit.app"; sourceTree = BUILT_PRODUCTS_DIR; };
		8403FAC21C75D5BB001FB6FB /* AppDelegate.swift */ = {isa = PBXFileReference; lastKnownFileType = sourcecode.swift; path = AppDelegate.swift; sourceTree = "<group>"; };
		8403FAC41C75D5BB001FB6FB /* ViewController.swift */ = {isa = PBXFileReference; lastKnownFileType = sourcecode.swift; path = ViewController.swift; sourceTree = "<group>"; };
		8403FAC71C75D5BB001FB6FB /* Base */ = {isa = PBXFileReference; lastKnownFileType = file.storyboard; name = Base; path = Base.lproj/Main.storyboard; sourceTree = "<group>"; };
		8403FAC91C75D5BB001FB6FB /* Assets.xcassets */ = {isa = PBXFileReference; lastKnownFileType = folder.assetcatalog; path = Assets.xcassets; sourceTree = "<group>"; };
		8403FACC1C75D5BB001FB6FB /* Base */ = {isa = PBXFileReference; lastKnownFileType = file.storyboard; name = Base; path = Base.lproj/LaunchScreen.storyboard; sourceTree = "<group>"; };
		8403FACE1C75D5BB001FB6FB /* Info.plist */ = {isa = PBXFileReference; lastKnownFileType = text.plist.xml; path = Info.plist; sourceTree = "<group>"; };
/* End PBXFileReference section */

/* Begin PBXFrameworksBuildPhase section */
		8403FABC1C75D5BB001FB6FB /* Frameworks */ = {
			isa = PBXFrameworksBuildPhase;
			buildActionMask = 2147483647;
			files = (
			);
			runOnlyForDeploymentPostprocessing = 0;
		};
/* End PBXFrameworksBuildPhase section */

/* Begin PBXGroup section */
		8403FAB61C75D5BB001FB6FB = {
			isa = PBXGroup;
			children = (
				8403FAC11C75D5BB001FB6FB /* 10-CloudKit */,
				8403FAC01C75D5BB001FB6FB /* Products */,
			);
			sourceTree = "<group>";
		};
		8403FAC01C75D5BB001FB6FB /* Products */ = {
			isa = PBXGroup;
			children = (
				8403FABF1C75D5BB001FB6FB /* 10-CloudKit.app */,
			);
			name = Products;
			sourceTree = "<group>";
		};
		8403FAC11C75D5BB001FB6FB /* 10-CloudKit */ = {
			isa = PBXGroup;
			children = (
				8403FAC21C75D5BB001FB6FB /* AppDelegate.swift */,
				8403FAC41C75D5BB001FB6FB /* ViewController.swift */,
				8403FAC61C75D5BB001FB6FB /* Main.storyboard */,
				8403FAC91C75D5BB001FB6FB /* Assets.xcassets */,
				8403FACB1C75D5BB001FB6FB /* LaunchScreen.storyboard */,
				8403FACE1C75D5BB001FB6FB /* Info.plist */,
			);
			path = "10-CloudKit";
			sourceTree = "<group>";
		};
/* End PBXGroup section */

/* Begin PBXNativeTarget section */
		8403FABE1C75D5BB001FB6FB /* 10-CloudKit */ = {
			isa = PBXNativeTarget;
			buildConfigurationList = 8403FAD11C75D5BB001FB6FB /* Build configuration list for PBXNativeTarget "10-CloudKit" */;
			buildPhases = (
				8403FABB1C75D5BB001FB6FB /* Sources */,
				8403FABC1C75D5BB001FB6FB /* Frameworks */,
				8403FABD1C75D5BB001FB6FB /* Resources */,
			);
			buildRules = (
			);
			dependencies = (
			);
			name = "10-CloudKit";
			productName = "10-CloudKit";
			productReference = 8403FABF1C75D5BB001FB6FB /* 10-CloudKit.app */;
			productType = "com.apple.product-type.application";
		};
/* End PBXNativeTarget section */

/* Begin PBXProject section */
		8403FAB71C75D5BB001FB6FB /* Project object */ = {
			isa = PBXProject;
			attributes = {
				LastSwiftUpdateCheck = 0720;
				LastUpgradeCheck = 0720;
				ORGANIZATIONNAME = "Clay Tinnell";
				TargetAttributes = {
					8403FABE1C75D5BB001FB6FB = {
						CreatedOnToolsVersion = 7.2.1;
					};
				};
			};
			buildConfigurationList = 8403FABA1C75D5BB001FB6FB /* Build configuration list for PBXProject "10-CloudKit" */;
			compatibilityVersion = "Xcode 3.2";
			developmentRegion = English;
			hasScannedForEncodings = 0;
			knownRegions = (
				en,
				Base,
			);
			mainGroup = 8403FAB61C75D5BB001FB6FB;
			productRefGroup = 8403FAC01C75D5BB001FB6FB /* Products */;
			projectDirPath = "";
			projectRoot = "";
			targets = (
				8403FABE1C75D5BB001FB6FB /* 10-CloudKit */,
			);
		};
/* End PBXProject section */

/* Begin PBXResourcesBuildPhase section */
		8403FABD1C75D5BB001FB6FB /* Resources */ = {
			isa = PBXResourcesBuildPhase;
			buildActionMask = 2147483647;
			files = (
				8403FACD1C75D5BB001FB6FB /* LaunchScreen.storyboard in Resources */,
				8403FACA1C75D5BB001FB6FB /* Assets.xcassets in Resources */,
				8403FAC81C75D5BB001FB6FB /* Main.storyboard in Resources */,
			);
			runOnlyForDeploymentPostprocessing = 0;
		};
/* End PBXResourcesBuildPhase section */

/* Begin PBXSourcesBuildPhase section */
		8403FABB1C75D5BB001FB6FB /* Sources */ = {
			isa = PBXSourcesBuildPhase;
			buildActionMask = 2147483647;
			files = (
				8403FAC51C75D5BB001FB6FB /* ViewController.swift in Sources */,
				8403FAC31C75D5BB001FB6FB /* AppDelegate.swift in Sources */,
			);
			runOnlyForDeploymentPostprocessing = 0;
		};
/* End PBXSourcesBuildPhase section */

/* Begin PBXVariantGroup section */
		8403FAC61C75D5BB001FB6FB /* Main.storyboard */ = {
			isa = PBXVariantGroup;
			children = (
				8403FAC71C75D5BB001FB6FB /* Base */,
			);
			name = Main.storyboard;
			sourceTree = "<group>";
		};
		8403FACB1C75D5BB001FB6FB /* LaunchScreen.storyboard */ = {
			isa = PBXVariantGroup;
			children = (
				8403FACC1C75D5BB001FB6FB /* Base */,
			);
			name = LaunchScreen.storyboard;
			sourceTree = "<group>";
		};
/* End PBXVariantGroup section */

/* Begin XCBuildConfiguration section */
		8403FACF1C75D5BB001FB6FB /* Debug */ = {
			isa = XCBuildConfiguration;
			buildSettings = {
				ALWAYS_SEARCH_USER_PATHS = NO;
				CLANG_CXX_LANGUAGE_STANDARD = "gnu++0x";
				CLANG_CXX_LIBRARY = "libc++";
				CLANG_ENABLE_MODULES = YES;
				CLANG_ENABLE_OBJC_ARC = YES;
				CLANG_WARN_BOOL_CONVERSION = YES;
				CLANG_WARN_CONSTANT_CONVERSION = YES;
				CLANG_WARN_DIRECT_OBJC_ISA_USAGE = YES_ERROR;
				CLANG_WARN_EMPTY_BODY = YES;
				CLANG_WARN_ENUM_CONVERSION = YES;
				CLANG_WARN_INT_CONVERSION = YES;
				CLANG_WARN_OBJC_ROOT_CLASS = YES_ERROR;
				CLANG_WARN_UNREACHABLE_CODE = YES;
				CLANG_WARN__DUPLICATE_METHOD_MATCH = YES;
				"CODE_SIGN_IDENTITY[sdk=iphoneos*]" = "iPhone Developer";
				COPY_PHASE_STRIP = NO;
				DEBUG_INFORMATION_FORMAT = dwarf;
				ENABLE_STRICT_OBJC_MSGSEND = YES;
				ENABLE_TESTABILITY = YES;
				GCC_C_LANGUAGE_STANDARD = gnu99;
				GCC_DYNAMIC_NO_PIC = NO;
				GCC_NO_COMMON_BLOCKS = YES;
				GCC_OPTIMIZATION_LEVEL = 0;
				GCC_PREPROCESSOR_DEFINITIONS = (
					"DEBUG=1",
					"$(inherited)",
				);
				GCC_WARN_64_TO_32_BIT_CONVERSION = YES;
				GCC_WARN_ABOUT_RETURN_TYPE = YES_ERROR;
				GCC_WARN_UNDECLARED_SELECTOR = YES;
				GCC_WARN_UNINITIALIZED_AUTOS = YES_AGGRESSIVE;
				GCC_WARN_UNUSED_FUNCTION = YES;
				GCC_WARN_UNUSED_VARIABLE = YES;
				IPHONEOS_DEPLOYMENT_TARGET = 9.2;
				MTL_ENABLE_DEBUG_INFO = YES;
				ONLY_ACTIVE_ARCH = YES;
				SDKROOT = iphoneos;
				SWIFT_OPTIMIZATION_LEVEL = "-Onone";
			};
			name = Debug;
		};
		8403FAD01C75D5BB001FB6FB /* Release */ = {
			isa = XCBuildConfiguration;
			buildSettings = {
				ALWAYS_SEARCH_USER_PATHS = NO;
				CLANG_CXX_LANGUAGE_STANDARD = "gnu++0x";
				CLANG_CXX_LIBRARY = "libc++";
				CLANG_ENABLE_MODULES = YES;
				CLANG_ENABLE_OBJC_ARC = YES;
				CLANG_WARN_BOOL_CONVERSION = YES;
				CLANG_WARN_CONSTANT_CONVERSION = YES;
				CLANG_WARN_DIRECT_OBJC_ISA_USAGE = YES_ERROR;
				CLANG_WARN_EMPTY_BODY = YES;
				CLANG_WARN_ENUM_CONVERSION = YES;
				CLANG_WARN_INT_CONVERSION = YES;
				CLANG_WARN_OBJC_ROOT_CLASS = YES_ERROR;
				CLANG_WARN_UNREACHABLE_CODE = YES;
				CLANG_WARN__DUPLICATE_METHOD_MATCH = YES;
				"CODE_SIGN_IDENTITY[sdk=iphoneos*]" = "iPhone Developer";
				COPY_PHASE_STRIP = NO;
				DEBUG_INFORMATION_FORMAT = "dwarf-with-dsym";
				ENABLE_NS_ASSERTIONS = NO;
				ENABLE_STRICT_OBJC_MSGSEND = YES;
				GCC_C_LANGUAGE_STANDARD = gnu99;
				GCC_NO_COMMON_BLOCKS = YES;
				GCC_WARN_64_TO_32_BIT_CONVERSION = YES;
				GCC_WARN_ABOUT_RETURN_TYPE = YES_ERROR;
				GCC_WARN_UNDECLARED_SELECTOR = YES;
				GCC_WARN_UNINITIALIZED_AUTOS = YES_AGGRESSIVE;
				GCC_WARN_UNUSED_FUNCTION = YES;
				GCC_WARN_UNUSED_VARIABLE = YES;
				IPHONEOS_DEPLOYMENT_TARGET = 9.2;
				MTL_ENABLE_DEBUG_INFO = NO;
				SDKROOT = iphoneos;
				VALIDATE_PRODUCT = YES;
			};
			name = Release;
		};
		8403FAD21C75D5BB001FB6FB /* Debug */ = {
			isa = XCBuildConfiguration;
			buildSettings = {
				ASSETCATALOG_COMPILER_APPICON_NAME = AppIcon;
				INFOPLIST_FILE = "10-CloudKit/Info.plist";
				LD_RUNPATH_SEARCH_PATHS = "$(inherited) @executable_path/Frameworks";
				PRODUCT_BUNDLE_IDENTIFIER = "com.claytinnell.-0-CloudKit";
				PRODUCT_NAME = "$(TARGET_NAME)";
			};
			name = Debug;
		};
		8403FAD31C75D5BB001FB6FB /* Release */ = {
			isa = XCBuildConfiguration;
			buildSettings = {
				ASSETCATALOG_COMPILER_APPICON_NAME = AppIcon;
				INFOPLIST_FILE = "10-CloudKit/Info.plist";
				LD_RUNPATH_SEARCH_PATHS = "$(inherited) @executable_path/Frameworks";
				PRODUCT_BUNDLE_IDENTIFIER = "com.claytinnell.-0-CloudKit";
				PRODUCT_NAME = "$(TARGET_NAME)";
			};
			name = Release;
		};
/* End XCBuildConfiguration section */

/* Begin XCConfigurationList section */
		8403FABA1C75D5BB001FB6FB /* Build configuration list for PBXProject "10-CloudKit" */ = {
			isa = XCConfigurationList;
			buildConfigurations = (
				8403FACF1C75D5BB001FB6FB /* Debug */,
				8403FAD01C75D5BB001FB6FB /* Release */,
			);
			defaultConfigurationIsVisible = 0;
			defaultConfigurationName = Release;
		};
		8403FAD11C75D5BB001FB6FB /* Build configuration list for PBXNativeTarget "10-CloudKit" */ = {
			isa = XCConfigurationList;
			buildConfigurations = (
				8403FAD21C75D5BB001FB6FB /* Debug */,
				8403FAD31C75D5BB001FB6FB /* Release */,
			);
			defaultConfigurationIsVisible = 0;
		};
/* End XCConfigurationList section */
	};
	rootObject = 8403FAB71C75D5BB001FB6FB /* Project object */;
}
