// !$*UTF8*$!
{
	archiveVersion = 1;
	classes = {
	};
	objectVersion = 46;
	objects = {

/* Begin PBXBuildFile section */
		849436941C4A82A800B391DE /* AppDelegate.swift in Sources */ = {isa = PBXBuildFile; fileRef = 849436931C4A82A800B391DE /* AppDelegate.swift */; };
		849436961C4A82A800B391DE /* ViewController.swift in Sources */ = {isa = PBXBuildFile; fileRef = 849436951C4A82A800B391DE /* ViewController.swift */; };
		849436991C4A82A800B391DE /* Main.storyboard in Resources */ = {isa = PBXBuildFile; fileRef = 849436971C4A82A800B391DE /* Main.storyboard */; };
		8494369B1C4A82A800B391DE /* Assets.xcassets in Resources */ = {isa = PBXBuildFile; fileRef = 8494369A1C4A82A800B391DE /* Assets.xcassets */; };
		8494369E1C4A82A800B391DE /* LaunchScreen.storyboard in Resources */ = {isa = PBXBuildFile; fileRef = 8494369C1C4A82A800B391DE /* LaunchScreen.storyboard */; };
		849436A91C4A8A9B00B391DE /* TestCall.swift in Sources */ = {isa = PBXBuildFile; fileRef = 849436A81C4A8A9B00B391DE /* TestCall.swift */; };
		849436AB1C4A8CF900B391DE /* TestCallResult.swift in Sources */ = {isa = PBXBuildFile; fileRef = 849436AA1C4A8CF900B391DE /* TestCallResult.swift */; };
		849436AD1C4CF6DF00B391DE /* Observable.swift in Sources */ = {isa = PBXBuildFile; fileRef = 849436AC1C4CF6DF00B391DE /* Observable.swift */; };
/* End PBXBuildFile section */

/* Begin PBXFileReference section */
		849436901C4A82A800B391DE /* 07-Value Observation.app */ = {isa = PBXFileReference; explicitFileType = wrapper.application; includeInIndex = 0; path = "07-Value Observation.app"; sourceTree = BUILT_PRODUCTS_DIR; };
		849436931C4A82A800B391DE /* AppDelegate.swift */ = {isa = PBXFileReference; lastKnownFileType = sourcecode.swift; path = AppDelegate.swift; sourceTree = "<group>"; };
		849436951C4A82A800B391DE /* ViewController.swift */ = {isa = PBXFileReference; lastKnownFileType = sourcecode.swift; path = ViewController.swift; sourceTree = "<group>"; };
		849436981C4A82A800B391DE /* Base */ = {isa = PBXFileReference; lastKnownFileType = file.storyboard; name = Base; path = Base.lproj/Main.storyboard; sourceTree = "<group>"; };
		8494369A1C4A82A800B391DE /* Assets.xcassets */ = {isa = PBXFileReference; lastKnownFileType = folder.assetcatalog; path = Assets.xcassets; sourceTree = "<group>"; };
		8494369D1C4A82A800B391DE /* Base */ = {isa = PBXFileReference; lastKnownFileType = file.storyboard; name = Base; path = Base.lproj/LaunchScreen.storyboard; sourceTree = "<group>"; };
		8494369F1C4A82A800B391DE /* Info.plist */ = {isa = PBXFileReference; lastKnownFileType = text.plist.xml; path = Info.plist; sourceTree = "<group>"; };
		849436A81C4A8A9B00B391DE /* TestCall.swift */ = {isa = PBXFileReference; fileEncoding = 4; lastKnownFileType = sourcecode.swift; path = TestCall.swift; sourceTree = "<group>"; };
		849436AA1C4A8CF900B391DE /* TestCallResult.swift */ = {isa = PBXFileReference; fileEncoding = 4; lastKnownFileType = sourcecode.swift; path = TestCallResult.swift; sourceTree = "<group>"; };
		849436AC1C4CF6DF00B391DE /* Observable.swift */ = {isa = PBXFileReference; fileEncoding = 4; lastKnownFileType = sourcecode.swift; path = Observable.swift; sourceTree = "<group>"; };
/* End PBXFileReference section */

/* Begin PBXFrameworksBuildPhase section */
		8494368D1C4A82A800B391DE /* Frameworks */ = {
			isa = PBXFrameworksBuildPhase;
			buildActionMask = 2147483647;
			files = (
			);
			runOnlyForDeploymentPostprocessing = 0;
		};
/* End PBXFrameworksBuildPhase section */

/* Begin PBXGroup section */
		849436871C4A82A800B391DE = {
			isa = PBXGroup;
			children = (
				849436921C4A82A800B391DE /* 07-Value Observation */,
				849436911C4A82A800B391DE /* Products */,
			);
			sourceTree = "<group>";
		};
		849436911C4A82A800B391DE /* Products */ = {
			isa = PBXGroup;
			children = (
				849436901C4A82A800B391DE /* 07-Value Observation.app */,
			);
			name = Products;
			sourceTree = "<group>";
		};
		849436921C4A82A800B391DE /* 07-Value Observation */ = {
			isa = PBXGroup;
			children = (
				849436A51C4A878300B391DE /* Model */,
				849436A61C4A878F00B391DE /* View */,
				849436A71C4A879D00B391DE /* Controller */,
				8494369F1C4A82A800B391DE /* Info.plist */,
			);
			path = "07-Value Observation";
			sourceTree = "<group>";
		};
		849436A51C4A878300B391DE /* Model */ = {
			isa = PBXGroup;
			children = (
				849436A81C4A8A9B00B391DE /* TestCall.swift */,
				849436AA1C4A8CF900B391DE /* TestCallResult.swift */,
				849436AC1C4CF6DF00B391DE /* Observable.swift */,
			);
			name = Model;
			sourceTree = "<group>";
		};
		849436A61C4A878F00B391DE /* View */ = {
			isa = PBXGroup;
			children = (
				849436971C4A82A800B391DE /* Main.storyboard */,
				8494369A1C4A82A800B391DE /* Assets.xcassets */,
				8494369C1C4A82A800B391DE /* LaunchScreen.storyboard */,
			);
			name = View;
			sourceTree = "<group>";
		};
		849436A71C4A879D00B391DE /* Controller */ = {
			isa = PBXGroup;
			children = (
				849436931C4A82A800B391DE /* AppDelegate.swift */,
				849436951C4A82A800B391DE /* ViewController.swift */,
			);
			name = Controller;
			sourceTree = "<group>";
		};
/* End PBXGroup section */

/* Begin PBXNativeTarget section */
		8494368F1C4A82A800B391DE /* 07-Value Observation */ = {
			isa = PBXNativeTarget;
			buildConfigurationList = 849436A21C4A82A800B391DE /* Build configuration list for PBXNativeTarget "07-Value Observation" */;
			buildPhases = (
				8494368C1C4A82A800B391DE /* Sources */,
				8494368D1C4A82A800B391DE /* Frameworks */,
				8494368E1C4A82A800B391DE /* Resources */,
			);
			buildRules = (
			);
			dependencies = (
			);
			name = "07-Value Observation";
			productName = "07-Value Observation";
			productReference = 849436901C4A82A800B391DE /* 07-Value Observation.app */;
			productType = "com.apple.product-type.application";
		};
/* End PBXNativeTarget section */

/* Begin PBXProject section */
		849436881C4A82A800B391DE /* Project object */ = {
			isa = PBXProject;
			attributes = {
				LastSwiftUpdateCheck = 0720;
				LastUpgradeCheck = 0720;
				ORGANIZATIONNAME = "Clay Tinnell";
				TargetAttributes = {
					8494368F1C4A82A800B391DE = {
						CreatedOnToolsVersion = 7.2;
					};
				};
			};
			buildConfigurationList = 8494368B1C4A82A800B391DE /* Build configuration list for PBXProject "07-Value Observation" */;
			compatibilityVersion = "Xcode 3.2";
			developmentRegion = English;
			hasScannedForEncodings = 0;
			knownRegions = (
				en,
				Base,
			);
			mainGroup = 849436871C4A82A800B391DE;
			productRefGroup = 849436911C4A82A800B391DE /* Products */;
			projectDirPath = "";
			projectRoot = "";
			targets = (
				8494368F1C4A82A800B391DE /* 07-Value Observation */,
			);
		};
/* End PBXProject section */

/* Begin PBXResourcesBuildPhase section */
		8494368E1C4A82A800B391DE /* Resources */ = {
			isa = PBXResourcesBuildPhase;
			buildActionMask = 2147483647;
			files = (
				8494369E1C4A82A800B391DE /* LaunchScreen.storyboard in Resources */,
				8494369B1C4A82A800B391DE /* Assets.xcassets in Resources */,
				849436991C4A82A800B391DE /* Main.storyboard in Resources */,
			);
			runOnlyForDeploymentPostprocessing = 0;
		};
/* End PBXResourcesBuildPhase section */

/* Begin PBXSourcesBuildPhase section */
		8494368C1C4A82A800B391DE /* Sources */ = {
			isa = PBXSourcesBuildPhase;
			buildActionMask = 2147483647;
			files = (
				849436961C4A82A800B391DE /* ViewController.swift in Sources */,
				849436AD1C4CF6DF00B391DE /* Observable.swift in Sources */,
				849436A91C4A8A9B00B391DE /* TestCall.swift in Sources */,
				849436AB1C4A8CF900B391DE /* TestCallResult.swift in Sources */,
				849436941C4A82A800B391DE /* AppDelegate.swift in Sources */,
			);
			runOnlyForDeploymentPostprocessing = 0;
		};
/* End PBXSourcesBuildPhase section */

/* Begin PBXVariantGroup section */
		849436971C4A82A800B391DE /* Main.storyboard */ = {
			isa = PBXVariantGroup;
			children = (
				849436981C4A82A800B391DE /* Base */,
			);
			name = Main.storyboard;
			sourceTree = "<group>";
		};
		8494369C1C4A82A800B391DE /* LaunchScreen.storyboard */ = {
			isa = PBXVariantGroup;
			children = (
				8494369D1C4A82A800B391DE /* Base */,
			);
			name = LaunchScreen.storyboard;
			sourceTree = "<group>";
		};
/* End PBXVariantGroup section */

/* Begin XCBuildConfiguration section */
		849436A01C4A82A800B391DE /* Debug */ = {
			isa = XCBuildConfiguration;
			buildSettings = {
				ALWAYS_SEARCH_USER_PATHS = NO;
				CLANG_CXX_LANGUAGE_STANDARD = "gnu++0x";
				CLANG_CXX_LIBRARY = "libc++";
				CLANG_ENABLE_MODULES = YES;
				CLANG_ENABLE_OBJC_ARC = YES;
				CLANG_WARN_BOOL_CONVERSION = YES;
				CLANG_WARN_CONSTANT_CONVERSION = YES;
				CLANG_WARN_DIRECT_OBJC_ISA_USAGE = YES_ERROR;
				CLANG_WARN_EMPTY_BODY = YES;
				CLANG_WARN_ENUM_CONVERSION = YES;
				CLANG_WARN_INT_CONVERSION = YES;
				CLANG_WARN_OBJC_ROOT_CLASS = YES_ERROR;
				CLANG_WARN_UNREACHABLE_CODE = YES;
				CLANG_WARN__DUPLICATE_METHOD_MATCH = YES;
				"CODE_SIGN_IDENTITY[sdk=iphoneos*]" = "iPhone Developer";
				COPY_PHASE_STRIP = NO;
				DEBUG_INFORMATION_FORMAT = dwarf;
				ENABLE_STRICT_OBJC_MSGSEND = YES;
				ENABLE_TESTABILITY = YES;
				GCC_C_LANGUAGE_STANDARD = gnu99;
				GCC_DYNAMIC_NO_PIC = NO;
				GCC_NO_COMMON_BLOCKS = YES;
				GCC_OPTIMIZATION_LEVEL = 0;
				GCC_PREPROCESSOR_DEFINITIONS = (
					"DEBUG=1",
					"$(inherited)",
				);
				GCC_WARN_64_TO_32_BIT_CONVERSION = YES;
				GCC_WARN_ABOUT_RETURN_TYPE = YES_ERROR;
				GCC_WARN_UNDECLARED_SELECTOR = YES;
				GCC_WARN_UNINITIALIZED_AUTOS = YES_AGGRESSIVE;
				GCC_WARN_UNUSED_FUNCTION = YES;
				GCC_WARN_UNUSED_VARIABLE = YES;
				IPHONEOS_DEPLOYMENT_TARGET = 9.2;
				MTL_ENABLE_DEBUG_INFO = YES;
				ONLY_ACTIVE_ARCH = YES;
				SDKROOT = iphoneos;
				SWIFT_OPTIMIZATION_LEVEL = "-Onone";
			};
			name = Debug;
		};
		849436A11C4A82A800B391DE /* Release */ = {
			isa = XCBuildConfiguration;
			buildSettings = {
				ALWAYS_SEARCH_USER_PATHS = NO;
				CLANG_CXX_LANGUAGE_STANDARD = "gnu++0x";
				CLANG_CXX_LIBRARY = "libc++";
				CLANG_ENABLE_MODULES = YES;
				CLANG_ENABLE_OBJC_ARC = YES;
				CLANG_WARN_BOOL_CONVERSION = YES;
				CLANG_WARN_CONSTANT_CONVERSION = YES;
				CLANG_WARN_DIRECT_OBJC_ISA_USAGE = YES_ERROR;
				CLANG_WARN_EMPTY_BODY = YES;
				CLANG_WARN_ENUM_CONVERSION = YES;
				CLANG_WARN_INT_CONVERSION = YES;
				CLANG_WARN_OBJC_ROOT_CLASS = YES_ERROR;
				CLANG_WARN_UNREACHABLE_CODE = YES;
				CLANG_WARN__DUPLICATE_METHOD_MATCH = YES;
				"CODE_SIGN_IDENTITY[sdk=iphoneos*]" = "iPhone Developer";
				COPY_PHASE_STRIP = NO;
				DEBUG_INFORMATION_FORMAT = "dwarf-with-dsym";
				ENABLE_NS_ASSERTIONS = NO;
				ENABLE_STRICT_OBJC_MSGSEND = YES;
				GCC_C_LANGUAGE_STANDARD = gnu99;
				GCC_NO_COMMON_BLOCKS = YES;
				GCC_WARN_64_TO_32_BIT_CONVERSION = YES;
				GCC_WARN_ABOUT_RETURN_TYPE = YES_ERROR;
				GCC_WARN_UNDECLARED_SELECTOR = YES;
				GCC_WARN_UNINITIALIZED_AUTOS = YES_AGGRESSIVE;
				GCC_WARN_UNUSED_FUNCTION = YES;
				GCC_WARN_UNUSED_VARIABLE = YES;
				IPHONEOS_DEPLOYMENT_TARGET = 9.2;
				MTL_ENABLE_DEBUG_INFO = NO;
				SDKROOT = iphoneos;
				VALIDATE_PRODUCT = YES;
			};
			name = Release;
		};
		849436A31C4A82A800B391DE /* Debug */ = {
			isa = XCBuildConfiguration;
			buildSettings = {
				ASSETCATALOG_COMPILER_APPICON_NAME = AppIcon;
				INFOPLIST_FILE = "07-Value Observation/Info.plist";
				LD_RUNPATH_SEARCH_PATHS = "$(inherited) @executable_path/Frameworks";
				PRODUCT_BUNDLE_IDENTIFIER = "com.claytinnell.-7-Value-Observation";
				PRODUCT_NAME = "$(TARGET_NAME)";
			};
			name = Debug;
		};
		849436A41C4A82A800B391DE /* Release */ = {
			isa = XCBuildConfiguration;
			buildSettings = {
				ASSETCATALOG_COMPILER_APPICON_NAME = AppIcon;
				INFOPLIST_FILE = "07-Value Observation/Info.plist";
				LD_RUNPATH_SEARCH_PATHS = "$(inherited) @executable_path/Frameworks";
				PRODUCT_BUNDLE_IDENTIFIER = "com.claytinnell.-7-Value-Observation";
				PRODUCT_NAME = "$(TARGET_NAME)";
			};
			name = Release;
		};
/* End XCBuildConfiguration section */

/* Begin XCConfigurationList section */
		8494368B1C4A82A800B391DE /* Build configuration list for PBXProject "07-Value Observation" */ = {
			isa = XCConfigurationList;
			buildConfigurations = (
				849436A01C4A82A800B391DE /* Debug */,
				849436A11C4A82A800B391DE /* Release */,
			);
			defaultConfigurationIsVisible = 0;
			defaultConfigurationName = Release;
		};
		849436A21C4A82A800B391DE /* Build configuration list for PBXNativeTarget "07-Value Observation" */ = {
			isa = XCConfigurationList;
			buildConfigurations = (
				849436A31C4A82A800B391DE /* Debug */,
				849436A41C4A82A800B391DE /* Release */,
			);
			defaultConfigurationIsVisible = 0;
		};
/* End XCConfigurationList section */
	};
	rootObject = 849436881C4A82A800B391DE /* Project object */;
}
