// !$*UTF8*$!
{
	archiveVersion = 1;
	classes = {
	};
	objectVersion = 46;
	objects = {

/* Begin PBXBuildFile section */
		84D15CBC1C0C5E850076586C /* CustomPopoverAnimationViewController.swift in Sources */ = {isa = PBXBuildFile; fileRef = 84D15CBB1C0C5E850076586C /* CustomPopoverAnimationViewController.swift */; };
		84D289E51C09ECFE009C1500 /* LoginAnimationViewController.swift in Sources */ = {isa = PBXBuildFile; fileRef = 84D289E41C09ECFE009C1500 /* LoginAnimationViewController.swift */; };
		84D98DFF1C00A32A00DFED66 /* AppDelegate.swift in Sources */ = {isa = PBXBuildFile; fileRef = 84D98DFE1C00A32A00DFED66 /* AppDelegate.swift */; };
		84D98E041C00A32A00DFED66 /* Main.storyboard in Resources */ = {isa = PBXBuildFile; fileRef = 84D98E021C00A32A00DFED66 /* Main.storyboard */; };
		84D98E061C00A32A00DFED66 /* Assets.xcassets in Resources */ = {isa = PBXBuildFile; fileRef = 84D98E051C00A32A00DFED66 /* Assets.xcassets */; };
		84D98E091C00A32A00DFED66 /* LaunchScreen.storyboard in Resources */ = {isa = PBXBuildFile; fileRef = 84D98E071C00A32A00DFED66 /* LaunchScreen.storyboard */; };
		84D98E111C00A48C00DFED66 /* QuartzCore.framework in Frameworks */ = {isa = PBXBuildFile; fileRef = 84D98E101C00A48C00DFED66 /* QuartzCore.framework */; };
		84D98E131C00AA8100DFED66 /* BoxViewController.swift in Sources */ = {isa = PBXBuildFile; fileRef = 84D98E121C00AA8100DFED66 /* BoxViewController.swift */; };
		84D98E151C023D5600DFED66 /* MenuTableViewController.swift in Sources */ = {isa = PBXBuildFile; fileRef = 84D98E141C023D5600DFED66 /* MenuTableViewController.swift */; };
		84D98E171C024B4000DFED66 /* FoldingViewController.swift in Sources */ = {isa = PBXBuildFile; fileRef = 84D98E161C024B4000DFED66 /* FoldingViewController.swift */; };
		84EE6A1B1C1DA72B00B5CC26 /* CustomPopoverViewController.swift in Sources */ = {isa = PBXBuildFile; fileRef = 84EE6A1A1C1DA72B00B5CC26 /* CustomPopoverViewController.swift */; };
/* End PBXBuildFile section */

/* Begin PBXFileReference section */
		84D15CBB1C0C5E850076586C /* CustomPopoverAnimationViewController.swift */ = {isa = PBXFileReference; fileEncoding = 4; lastKnownFileType = sourcecode.swift; path = CustomPopoverAnimationViewController.swift; sourceTree = "<group>"; };
		84D289E41C09ECFE009C1500 /* LoginAnimationViewController.swift */ = {isa = PBXFileReference; fileEncoding = 4; lastKnownFileType = sourcecode.swift; path = LoginAnimationViewController.swift; sourceTree = "<group>"; };
		84D98DFB1C00A32A00DFED66 /* 03-Core Animation.app */ = {isa = PBXFileReference; explicitFileType = wrapper.application; includeInIndex = 0; path = "03-Core Animation.app"; sourceTree = BUILT_PRODUCTS_DIR; };
		84D98DFE1C00A32A00DFED66 /* AppDelegate.swift */ = {isa = PBXFileReference; lastKnownFileType = sourcecode.swift; path = AppDelegate.swift; sourceTree = "<group>"; };
		84D98E031C00A32A00DFED66 /* Base */ = {isa = PBXFileReference; lastKnownFileType = file.storyboard; name = Base; path = Base.lproj/Main.storyboard; sourceTree = "<group>"; };
		84D98E051C00A32A00DFED66 /* Assets.xcassets */ = {isa = PBXFileReference; lastKnownFileType = folder.assetcatalog; path = Assets.xcassets; sourceTree = "<group>"; };
		84D98E081C00A32A00DFED66 /* Base */ = {isa = PBXFileReference; lastKnownFileType = file.storyboard; name = Base; path = Base.lproj/LaunchScreen.storyboard; sourceTree = "<group>"; };
		84D98E0A1C00A32A00DFED66 /* Info.plist */ = {isa = PBXFileReference; lastKnownFileType = text.plist.xml; path = Info.plist; sourceTree = "<group>"; };
		84D98E101C00A48C00DFED66 /* QuartzCore.framework */ = {isa = PBXFileReference; lastKnownFileType = wrapper.framework; name = QuartzCore.framework; path = System/Library/Frameworks/QuartzCore.framework; sourceTree = SDKROOT; };
		84D98E121C00AA8100DFED66 /* BoxViewController.swift */ = {isa = PBXFileReference; fileEncoding = 4; lastKnownFileType = sourcecode.swift; path = BoxViewController.swift; sourceTree = "<group>"; };
		84D98E141C023D5600DFED66 /* MenuTableViewController.swift */ = {isa = PBXFileReference; fileEncoding = 4; lastKnownFileType = sourcecode.swift; path = MenuTableViewController.swift; sourceTree = "<group>"; };
		84D98E161C024B4000DFED66 /* FoldingViewController.swift */ = {isa = PBXFileReference; fileEncoding = 4; lastKnownFileType = sourcecode.swift; path = FoldingViewController.swift; sourceTree = "<group>"; };
		84EE6A1A1C1DA72B00B5CC26 /* CustomPopoverViewController.swift */ = {isa = PBXFileReference; fileEncoding = 4; lastKnownFileType = sourcecode.swift; path = CustomPopoverViewController.swift; sourceTree = "<group>"; };
/* End PBXFileReference section */

/* Begin PBXFrameworksBuildPhase section */
		84D98DF81C00A32A00DFED66 /* Frameworks */ = {
			isa = PBXFrameworksBuildPhase;
			buildActionMask = 2147483647;
			files = (
				84D98E111C00A48C00DFED66 /* QuartzCore.framework in Frameworks */,
			);
			runOnlyForDeploymentPostprocessing = 0;
		};
/* End PBXFrameworksBuildPhase section */

/* Begin PBXGroup section */
		84D98DF21C00A32A00DFED66 = {
			isa = PBXGroup;
			children = (
				84D98E101C00A48C00DFED66 /* QuartzCore.framework */,
				84D98DFD1C00A32A00DFED66 /* 03-Core Animation */,
				84D98DFC1C00A32A00DFED66 /* Products */,
			);
			sourceTree = "<group>";
		};
		84D98DFC1C00A32A00DFED66 /* Products */ = {
			isa = PBXGroup;
			children = (
				84D98DFB1C00A32A00DFED66 /* 03-Core Animation.app */,
			);
			name = Products;
			sourceTree = "<group>";
		};
		84D98DFD1C00A32A00DFED66 /* 03-Core Animation */ = {
			isa = PBXGroup;
			children = (
				84D98DFE1C00A32A00DFED66 /* AppDelegate.swift */,
				84D98E141C023D5600DFED66 /* MenuTableViewController.swift */,
				84D98E121C00AA8100DFED66 /* BoxViewController.swift */,
				84D98E161C024B4000DFED66 /* FoldingViewController.swift */,
				84D289E41C09ECFE009C1500 /* LoginAnimationViewController.swift */,
				84D15CBB1C0C5E850076586C /* CustomPopoverAnimationViewController.swift */,
				84EE6A1A1C1DA72B00B5CC26 /* CustomPopoverViewController.swift */,
				84D98E021C00A32A00DFED66 /* Main.storyboard */,
				84D98E051C00A32A00DFED66 /* Assets.xcassets */,
				84D98E071C00A32A00DFED66 /* LaunchScreen.storyboard */,
				84D98E0A1C00A32A00DFED66 /* Info.plist */,
			);
			path = "03-Core Animation";
			sourceTree = "<group>";
		};
/* End PBXGroup section */

/* Begin PBXNativeTarget section */
		84D98DFA1C00A32A00DFED66 /* 03-Core Animation */ = {
			isa = PBXNativeTarget;
			buildConfigurationList = 84D98E0D1C00A32A00DFED66 /* Build configuration list for PBXNativeTarget "03-Core Animation" */;
			buildPhases = (
				84D98DF71C00A32A00DFED66 /* Sources */,
				84D98DF81C00A32A00DFED66 /* Frameworks */,
				84D98DF91C00A32A00DFED66 /* Resources */,
			);
			buildRules = (
			);
			dependencies = (
			);
			name = "03-Core Animation";
			productName = "03-Core Animation";
			productReference = 84D98DFB1C00A32A00DFED66 /* 03-Core Animation.app */;
			productType = "com.apple.product-type.application";
		};
/* End PBXNativeTarget section */

/* Begin PBXProject section */
		84D98DF31C00A32A00DFED66 /* Project object */ = {
			isa = PBXProject;
			attributes = {
				LastSwiftUpdateCheck = 0710;
				LastUpgradeCheck = 0710;
				ORGANIZATIONNAME = "Clay Tinnell";
				TargetAttributes = {
					84D98DFA1C00A32A00DFED66 = {
						CreatedOnToolsVersion = 7.1.1;
					};
				};
			};
			buildConfigurationList = 84D98DF61C00A32A00DFED66 /* Build configuration list for PBXProject "03-Core Animation" */;
			compatibilityVersion = "Xcode 3.2";
			developmentRegion = English;
			hasScannedForEncodings = 0;
			knownRegions = (
				en,
				Base,
			);
			mainGroup = 84D98DF21C00A32A00DFED66;
			productRefGroup = 84D98DFC1C00A32A00DFED66 /* Products */;
			projectDirPath = "";
			projectRoot = "";
			targets = (
				84D98DFA1C00A32A00DFED66 /* 03-Core Animation */,
			);
		};
/* End PBXProject section */

/* Begin PBXResourcesBuildPhase section */
		84D98DF91C00A32A00DFED66 /* Resources */ = {
			isa = PBXResourcesBuildPhase;
			buildActionMask = 2147483647;
			files = (
				84D98E091C00A32A00DFED66 /* LaunchScreen.storyboard in Resources */,
				84D98E061C00A32A00DFED66 /* Assets.xcassets in Resources */,
				84D98E041C00A32A00DFED66 /* Main.storyboard in Resources */,
			);
			runOnlyForDeploymentPostprocessing = 0;
		};
/* End PBXResourcesBuildPhase section */

/* Begin PBXSourcesBuildPhase section */
		84D98DF71C00A32A00DFED66 /* Sources */ = {
			isa = PBXSourcesBuildPhase;
			buildActionMask = 2147483647;
			files = (
				84D98E171C024B4000DFED66 /* FoldingViewController.swift in Sources */,
				84D98E131C00AA8100DFED66 /* BoxViewController.swift in Sources */,
				84EE6A1B1C1DA72B00B5CC26 /* CustomPopoverViewController.swift in Sources */,
				84D98DFF1C00A32A00DFED66 /* AppDelegate.swift in Sources */,
				84D289E51C09ECFE009C1500 /* LoginAnimationViewController.swift in Sources */,
				84D98E151C023D5600DFED66 /* MenuTableViewController.swift in Sources */,
				84D15CBC1C0C5E850076586C /* CustomPopoverAnimationViewController.swift in Sources */,
			);
			runOnlyForDeploymentPostprocessing = 0;
		};
/* End PBXSourcesBuildPhase section */

/* Begin PBXVariantGroup section */
		84D98E021C00A32A00DFED66 /* Main.storyboard */ = {
			isa = PBXVariantGroup;
			children = (
				84D98E031C00A32A00DFED66 /* Base */,
			);
			name = Main.storyboard;
			sourceTree = "<group>";
		};
		84D98E071C00A32A00DFED66 /* LaunchScreen.storyboard */ = {
			isa = PBXVariantGroup;
			children = (
				84D98E081C00A32A00DFED66 /* Base */,
			);
			name = LaunchScreen.storyboard;
			sourceTree = "<group>";
		};
/* End PBXVariantGroup section */

/* Begin XCBuildConfiguration section */
		84D98E0B1C00A32A00DFED66 /* Debug */ = {
			isa = XCBuildConfiguration;
			buildSettings = {
				ALWAYS_SEARCH_USER_PATHS = NO;
				CLANG_CXX_LANGUAGE_STANDARD = "gnu++0x";
				CLANG_CXX_LIBRARY = "libc++";
				CLANG_ENABLE_MODULES = YES;
				CLANG_ENABLE_OBJC_ARC = YES;
				CLANG_WARN_BOOL_CONVERSION = YES;
				CLANG_WARN_CONSTANT_CONVERSION = YES;
				CLANG_WARN_DIRECT_OBJC_ISA_USAGE = YES_ERROR;
				CLANG_WARN_EMPTY_BODY = YES;
				CLANG_WARN_ENUM_CONVERSION = YES;
				CLANG_WARN_INT_CONVERSION = YES;
				CLANG_WARN_OBJC_ROOT_CLASS = YES_ERROR;
				CLANG_WARN_UNREACHABLE_CODE = YES;
				CLANG_WARN__DUPLICATE_METHOD_MATCH = YES;
				"CODE_SIGN_IDENTITY[sdk=iphoneos*]" = "iPhone Developer";
				COPY_PHASE_STRIP = NO;
				DEBUG_INFORMATION_FORMAT = dwarf;
				ENABLE_STRICT_OBJC_MSGSEND = YES;
				ENABLE_TESTABILITY = YES;
				GCC_C_LANGUAGE_STANDARD = gnu99;
				GCC_DYNAMIC_NO_PIC = NO;
				GCC_NO_COMMON_BLOCKS = YES;
				GCC_OPTIMIZATION_LEVEL = 0;
				GCC_PREPROCESSOR_DEFINITIONS = (
					"DEBUG=1",
					"$(inherited)",
				);
				GCC_WARN_64_TO_32_BIT_CONVERSION = YES;
				GCC_WARN_ABOUT_RETURN_TYPE = YES_ERROR;
				GCC_WARN_UNDECLARED_SELECTOR = YES;
				GCC_WARN_UNINITIALIZED_AUTOS = YES_AGGRESSIVE;
				GCC_WARN_UNUSED_FUNCTION = YES;
				GCC_WARN_UNUSED_VARIABLE = YES;
				IPHONEOS_DEPLOYMENT_TARGET = 9.1;
				MTL_ENABLE_DEBUG_INFO = YES;
				ONLY_ACTIVE_ARCH = YES;
				SDKROOT = iphoneos;
				SWIFT_OPTIMIZATION_LEVEL = "-Onone";
				TARGETED_DEVICE_FAMILY = "1,2";
			};
			name = Debug;
		};
		84D98E0C1C00A32A00DFED66 /* Release */ = {
			isa = XCBuildConfiguration;
			buildSettings = {
				ALWAYS_SEARCH_USER_PATHS = NO;
				CLANG_CXX_LANGUAGE_STANDARD = "gnu++0x";
				CLANG_CXX_LIBRARY = "libc++";
				CLANG_ENABLE_MODULES = YES;
				CLANG_ENABLE_OBJC_ARC = YES;
				CLANG_WARN_BOOL_CONVERSION = YES;
				CLANG_WARN_CONSTANT_CONVERSION = YES;
				CLANG_WARN_DIRECT_OBJC_ISA_USAGE = YES_ERROR;
				CLANG_WARN_EMPTY_BODY = YES;
				CLANG_WARN_ENUM_CONVERSION = YES;
				CLANG_WARN_INT_CONVERSION = YES;
				CLANG_WARN_OBJC_ROOT_CLASS = YES_ERROR;
				CLANG_WARN_UNREACHABLE_CODE = YES;
				CLANG_WARN__DUPLICATE_METHOD_MATCH = YES;
				"CODE_SIGN_IDENTITY[sdk=iphoneos*]" = "iPhone Developer";
				COPY_PHASE_STRIP = NO;
				DEBUG_INFORMATION_FORMAT = "dwarf-with-dsym";
				ENABLE_NS_ASSERTIONS = NO;
				ENABLE_STRICT_OBJC_MSGSEND = YES;
				GCC_C_LANGUAGE_STANDARD = gnu99;
				GCC_NO_COMMON_BLOCKS = YES;
				GCC_WARN_64_TO_32_BIT_CONVERSION = YES;
				GCC_WARN_ABOUT_RETURN_TYPE = YES_ERROR;
				GCC_WARN_UNDECLARED_SELECTOR = YES;
				GCC_WARN_UNINITIALIZED_AUTOS = YES_AGGRESSIVE;
				GCC_WARN_UNUSED_FUNCTION = YES;
				GCC_WARN_UNUSED_VARIABLE = YES;
				IPHONEOS_DEPLOYMENT_TARGET = 9.1;
				MTL_ENABLE_DEBUG_INFO = NO;
				SDKROOT = iphoneos;
				TARGETED_DEVICE_FAMILY = "1,2";
				VALIDATE_PRODUCT = YES;
			};
			name = Release;
		};
		84D98E0E1C00A32A00DFED66 /* Debug */ = {
			isa = XCBuildConfiguration;
			buildSettings = {
				ASSETCATALOG_COMPILER_APPICON_NAME = AppIcon;
				INFOPLIST_FILE = "03-Core Animation/Info.plist";
				LD_RUNPATH_SEARCH_PATHS = "$(inherited) @executable_path/Frameworks";
				PRODUCT_BUNDLE_IDENTIFIER = "com.claytinnell.-3-Core-Animation";
				PRODUCT_NAME = "$(TARGET_NAME)";
			};
			name = Debug;
		};
		84D98E0F1C00A32A00DFED66 /* Release */ = {
			isa = XCBuildConfiguration;
			buildSettings = {
				ASSETCATALOG_COMPILER_APPICON_NAME = AppIcon;
				INFOPLIST_FILE = "03-Core Animation/Info.plist";
				LD_RUNPATH_SEARCH_PATHS = "$(inherited) @executable_path/Frameworks";
				PRODUCT_BUNDLE_IDENTIFIER = "com.claytinnell.-3-Core-Animation";
				PRODUCT_NAME = "$(TARGET_NAME)";
			};
			name = Release;
		};
/* End XCBuildConfiguration section */

/* Begin XCConfigurationList section */
		84D98DF61C00A32A00DFED66 /* Build configuration list for PBXProject "03-Core Animation" */ = {
			isa = XCConfigurationList;
			buildConfigurations = (
				84D98E0B1C00A32A00DFED66 /* Debug */,
				84D98E0C1C00A32A00DFED66 /* Release */,
			);
			defaultConfigurationIsVisible = 0;
			defaultConfigurationName = Release;
		};
		84D98E0D1C00A32A00DFED66 /* Build configuration list for PBXNativeTarget "03-Core Animation" */ = {
			isa = XCConfigurationList;
			buildConfigurations = (
				84D98E0E1C00A32A00DFED66 /* Debug */,
				84D98E0F1C00A32A00DFED66 /* Release */,
			);
			defaultConfigurationIsVisible = 0;
			defaultConfigurationName = Release;
		};
/* End XCConfigurationList section */
	};
	rootObject = 84D98DF31C00A32A00DFED66 /* Project object */;
}
