// !$*UTF8*$!
{
	archiveVersion = 1;
	classes = {
	};
	objectVersion = 46;
	objects = {

/* Begin PBXBuildFile section */
		840A2D3E1C271A6A003639FF /* AppDelegate.swift in Sources */ = {isa = PBXBuildFile; fileRef = 840A2D3D1C271A6A003639FF /* AppDelegate.swift */; };
		840A2D401C271A6A003639FF /* ViewController.swift in Sources */ = {isa = PBXBuildFile; fileRef = 840A2D3F1C271A6A003639FF /* ViewController.swift */; };
		840A2D431C271A6A003639FF /* Main.storyboard in Resources */ = {isa = PBXBuildFile; fileRef = 840A2D411C271A6A003639FF /* Main.storyboard */; };
		840A2D451C271A6A003639FF /* Assets.xcassets in Resources */ = {isa = PBXBuildFile; fileRef = 840A2D441C271A6A003639FF /* Assets.xcassets */; };
		840A2D481C271A6A003639FF /* LaunchScreen.storyboard in Resources */ = {isa = PBXBuildFile; fileRef = 840A2D461C271A6A003639FF /* LaunchScreen.storyboard */; };
		840A2D501C27352B003639FF /* WordCloudParser.swift in Sources */ = {isa = PBXBuildFile; fileRef = 840A2D4F1C27352B003639FF /* WordCloudParser.swift */; };
		840A2D521C298085003639FF /* WordCloudViewController.swift in Sources */ = {isa = PBXBuildFile; fileRef = 840A2D511C298085003639FF /* WordCloudViewController.swift */; };
		840A2D541C2B2A9E003639FF /* CoreText.framework in Frameworks */ = {isa = PBXBuildFile; fileRef = 840A2D531C2B2A9E003639FF /* CoreText.framework */; };
		840A2D571C2C2CC3003639FF /* WordCloudView.swift in Sources */ = {isa = PBXBuildFile; fileRef = 840A2D561C2C2CC3003639FF /* WordCloudView.swift */; };
		840A2D5B1C36B8C5003639FF /* TwoColumnTextViewController.swift in Sources */ = {isa = PBXBuildFile; fileRef = 840A2D5A1C36B8C5003639FF /* TwoColumnTextViewController.swift */; };
		840A2D5D1C36C87D003639FF /* TwoColumnTextView.swift in Sources */ = {isa = PBXBuildFile; fileRef = 840A2D5C1C36C87D003639FF /* TwoColumnTextView.swift */; };
/* End PBXBuildFile section */

/* Begin PBXFileReference section */
		840A2D3A1C271A6A003639FF /* 05-CoreText.app */ = {isa = PBXFileReference; explicitFileType = wrapper.application; includeInIndex = 0; path = "05-CoreText.app"; sourceTree = BUILT_PRODUCTS_DIR; };
		840A2D3D1C271A6A003639FF /* AppDelegate.swift */ = {isa = PBXFileReference; lastKnownFileType = sourcecode.swift; path = AppDelegate.swift; sourceTree = "<group>"; };
		840A2D3F1C271A6A003639FF /* ViewController.swift */ = {isa = PBXFileReference; lastKnownFileType = sourcecode.swift; path = ViewController.swift; sourceTree = "<group>"; };
		840A2D421C271A6A003639FF /* Base */ = {isa = PBXFileReference; lastKnownFileType = file.storyboard; name = Base; path = Base.lproj/Main.storyboard; sourceTree = "<group>"; };
		840A2D441C271A6A003639FF /* Assets.xcassets */ = {isa = PBXFileReference; lastKnownFileType = folder.assetcatalog; path = Assets.xcassets; sourceTree = "<group>"; };
		840A2D471C271A6A003639FF /* Base */ = {isa = PBXFileReference; lastKnownFileType = file.storyboard; name = Base; path = Base.lproj/LaunchScreen.storyboard; sourceTree = "<group>"; };
		840A2D491C271A6A003639FF /* Info.plist */ = {isa = PBXFileReference; lastKnownFileType = text.plist.xml; path = Info.plist; sourceTree = "<group>"; };
		840A2D4F1C27352B003639FF /* WordCloudParser.swift */ = {isa = PBXFileReference; fileEncoding = 4; lastKnownFileType = sourcecode.swift; path = WordCloudParser.swift; sourceTree = "<group>"; };
		840A2D511C298085003639FF /* WordCloudViewController.swift */ = {isa = PBXFileReference; fileEncoding = 4; lastKnownFileType = sourcecode.swift; path = WordCloudViewController.swift; sourceTree = "<group>"; };
		840A2D531C2B2A9E003639FF /* CoreText.framework */ = {isa = PBXFileReference; lastKnownFileType = wrapper.framework; name = CoreText.framework; path = System/Library/Frameworks/CoreText.framework; sourceTree = SDKROOT; };
		840A2D561C2C2CC3003639FF /* WordCloudView.swift */ = {isa = PBXFileReference; fileEncoding = 4; lastKnownFileType = sourcecode.swift; path = WordCloudView.swift; sourceTree = "<group>"; };
		840A2D5A1C36B8C5003639FF /* TwoColumnTextViewController.swift */ = {isa = PBXFileReference; fileEncoding = 4; lastKnownFileType = sourcecode.swift; name = TwoColumnTextViewController.swift; path = "Two Column/TwoColumnTextViewController.swift"; sourceTree = "<group>"; };
		840A2D5C1C36C87D003639FF /* TwoColumnTextView.swift */ = {isa = PBXFileReference; fileEncoding = 4; lastKnownFileType = sourcecode.swift; name = TwoColumnTextView.swift; path = "Two Column/TwoColumnTextView.swift"; sourceTree = "<group>"; };
/* End PBXFileReference section */

/* Begin PBXFrameworksBuildPhase section */
		840A2D371C271A6A003639FF /* Frameworks */ = {
			isa = PBXFrameworksBuildPhase;
			buildActionMask = 2147483647;
			files = (
				840A2D541C2B2A9E003639FF /* CoreText.framework in Frameworks */,
			);
			runOnlyForDeploymentPostprocessing = 0;
		};
/* End PBXFrameworksBuildPhase section */

/* Begin PBXGroup section */
		840A2D311C271A6A003639FF = {
			isa = PBXGroup;
			children = (
				840A2D3C1C271A6A003639FF /* 05-CoreText */,
				840A2D3B1C271A6A003639FF /* Products */,
			);
			sourceTree = "<group>";
		};
		840A2D3B1C271A6A003639FF /* Products */ = {
			isa = PBXGroup;
			children = (
				840A2D3A1C271A6A003639FF /* 05-CoreText.app */,
			);
			name = Products;
			sourceTree = "<group>";
		};
		840A2D3C1C271A6A003639FF /* 05-CoreText */ = {
			isa = PBXGroup;
			children = (
				840A2D551C2B2AAB003639FF /* Resources */,
				840A2D3D1C271A6A003639FF /* AppDelegate.swift */,
				840A2D3F1C271A6A003639FF /* ViewController.swift */,
				840A2D411C271A6A003639FF /* Main.storyboard */,
				840A2D581C36B854003639FF /* Word Cloud */,
				840A2D591C36B88A003639FF /* Two Column Text */,
				840A2D441C271A6A003639FF /* Assets.xcassets */,
				840A2D461C271A6A003639FF /* LaunchScreen.storyboard */,
				840A2D491C271A6A003639FF /* Info.plist */,
			);
			path = "05-CoreText";
			sourceTree = "<group>";
		};
		840A2D551C2B2AAB003639FF /* Resources */ = {
			isa = PBXGroup;
			children = (
				840A2D531C2B2A9E003639FF /* CoreText.framework */,
			);
			name = Resources;
			sourceTree = "<group>";
		};
		840A2D581C36B854003639FF /* Word Cloud */ = {
			isa = PBXGroup;
			children = (
				840A2D4F1C27352B003639FF /* WordCloudParser.swift */,
				840A2D511C298085003639FF /* WordCloudViewController.swift */,
				840A2D561C2C2CC3003639FF /* WordCloudView.swift */,
			);
			name = "Word Cloud";
			sourceTree = "<group>";
		};
		840A2D591C36B88A003639FF /* Two Column Text */ = {
			isa = PBXGroup;
			children = (
				840A2D5A1C36B8C5003639FF /* TwoColumnTextViewController.swift */,
				840A2D5C1C36C87D003639FF /* TwoColumnTextView.swift */,
			);
			name = "Two Column Text";
			sourceTree = "<group>";
		};
/* End PBXGroup section */

/* Begin PBXNativeTarget section */
		840A2D391C271A6A003639FF /* 05-CoreText */ = {
			isa = PBXNativeTarget;
			buildConfigurationList = 840A2D4C1C271A6A003639FF /* Build configuration list for PBXNativeTarget "05-CoreText" */;
			buildPhases = (
				840A2D361C271A6A003639FF /* Sources */,
				840A2D371C271A6A003639FF /* Frameworks */,
				840A2D381C271A6A003639FF /* Resources */,
			);
			buildRules = (
			);
			dependencies = (
			);
			name = "05-CoreText";
			productName = "05-CoreText";
			productReference = 840A2D3A1C271A6A003639FF /* 05-CoreText.app */;
			productType = "com.apple.product-type.application";
		};
/* End PBXNativeTarget section */

/* Begin PBXProject section */
		840A2D321C271A6A003639FF /* Project object */ = {
			isa = PBXProject;
			attributes = {
				LastSwiftUpdateCheck = 0720;
				LastUpgradeCheck = 0720;
				ORGANIZATIONNAME = "Clay Tinnell";
				TargetAttributes = {
					840A2D391C271A6A003639FF = {
						CreatedOnToolsVersion = 7.2;
					};
				};
			};
			buildConfigurationList = 840A2D351C271A6A003639FF /* Build configuration list for PBXProject "05-CoreText" */;
			compatibilityVersion = "Xcode 3.2";
			developmentRegion = English;
			hasScannedForEncodings = 0;
			knownRegions = (
				en,
				Base,
			);
			mainGroup = 840A2D311C271A6A003639FF;
			productRefGroup = 840A2D3B1C271A6A003639FF /* Products */;
			projectDirPath = "";
			projectRoot = "";
			targets = (
				840A2D391C271A6A003639FF /* 05-CoreText */,
			);
		};
/* End PBXProject section */

/* Begin PBXResourcesBuildPhase section */
		840A2D381C271A6A003639FF /* Resources */ = {
			isa = PBXResourcesBuildPhase;
			buildActionMask = 2147483647;
			files = (
				840A2D481C271A6A003639FF /* LaunchScreen.storyboard in Resources */,
				840A2D451C271A6A003639FF /* Assets.xcassets in Resources */,
				840A2D431C271A6A003639FF /* Main.storyboard in Resources */,
			);
			runOnlyForDeploymentPostprocessing = 0;
		};
/* End PBXResourcesBuildPhase section */

/* Begin PBXSourcesBuildPhase section */
		840A2D361C271A6A003639FF /* Sources */ = {
			isa = PBXSourcesBuildPhase;
			buildActionMask = 2147483647;
			files = (
				840A2D401C271A6A003639FF /* ViewController.swift in Sources */,
				840A2D501C27352B003639FF /* WordCloudParser.swift in Sources */,
				840A2D5B1C36B8C5003639FF /* TwoColumnTextViewController.swift in Sources */,
				840A2D571C2C2CC3003639FF /* WordCloudView.swift in Sources */,
				840A2D521C298085003639FF /* WordCloudViewController.swift in Sources */,
				840A2D3E1C271A6A003639FF /* AppDelegate.swift in Sources */,
				840A2D5D1C36C87D003639FF /* TwoColumnTextView.swift in Sources */,
			);
			runOnlyForDeploymentPostprocessing = 0;
		};
/* End PBXSourcesBuildPhase section */

/* Begin PBXVariantGroup section */
		840A2D411C271A6A003639FF /* Main.storyboard */ = {
			isa = PBXVariantGroup;
			children = (
				840A2D421C271A6A003639FF /* Base */,
			);
			name = Main.storyboard;
			sourceTree = "<group>";
		};
		840A2D461C271A6A003639FF /* LaunchScreen.storyboard */ = {
			isa = PBXVariantGroup;
			children = (
				840A2D471C271A6A003639FF /* Base */,
			);
			name = LaunchScreen.storyboard;
			sourceTree = "<group>";
		};
/* End PBXVariantGroup section */

/* Begin XCBuildConfiguration section */
		840A2D4A1C271A6A003639FF /* Debug */ = {
			isa = XCBuildConfiguration;
			buildSettings = {
				ALWAYS_SEARCH_USER_PATHS = NO;
				CLANG_CXX_LANGUAGE_STANDARD = "gnu++0x";
				CLANG_CXX_LIBRARY = "libc++";
				CLANG_ENABLE_MODULES = YES;
				CLANG_ENABLE_OBJC_ARC = YES;
				CLANG_WARN_BOOL_CONVERSION = YES;
				CLANG_WARN_CONSTANT_CONVERSION = YES;
				CLANG_WARN_DIRECT_OBJC_ISA_USAGE = YES_ERROR;
				CLANG_WARN_EMPTY_BODY = YES;
				CLANG_WARN_ENUM_CONVERSION = YES;
				CLANG_WARN_INT_CONVERSION = YES;
				CLANG_WARN_OBJC_ROOT_CLASS = YES_ERROR;
				CLANG_WARN_UNREACHABLE_CODE = YES;
				CLANG_WARN__DUPLICATE_METHOD_MATCH = YES;
				"CODE_SIGN_IDENTITY[sdk=iphoneos*]" = "iPhone Developer";
				COPY_PHASE_STRIP = NO;
				DEBUG_INFORMATION_FORMAT = dwarf;
				ENABLE_STRICT_OBJC_MSGSEND = YES;
				ENABLE_TESTABILITY = YES;
				GCC_C_LANGUAGE_STANDARD = gnu99;
				GCC_DYNAMIC_NO_PIC = NO;
				GCC_NO_COMMON_BLOCKS = YES;
				GCC_OPTIMIZATION_LEVEL = 0;
				GCC_PREPROCESSOR_DEFINITIONS = (
					"DEBUG=1",
					"$(inherited)",
				);
				GCC_WARN_64_TO_32_BIT_CONVERSION = YES;
				GCC_WARN_ABOUT_RETURN_TYPE = YES_ERROR;
				GCC_WARN_UNDECLARED_SELECTOR = YES;
				GCC_WARN_UNINITIALIZED_AUTOS = YES_AGGRESSIVE;
				GCC_WARN_UNUSED_FUNCTION = YES;
				GCC_WARN_UNUSED_VARIABLE = YES;
				IPHONEOS_DEPLOYMENT_TARGET = 9.2;
				MTL_ENABLE_DEBUG_INFO = YES;
				ONLY_ACTIVE_ARCH = YES;
				SDKROOT = iphoneos;
				SWIFT_OPTIMIZATION_LEVEL = "-Onone";
			};
			name = Debug;
		};
		840A2D4B1C271A6A003639FF /* Release */ = {
			isa = XCBuildConfiguration;
			buildSettings = {
				ALWAYS_SEARCH_USER_PATHS = NO;
				CLANG_CXX_LANGUAGE_STANDARD = "gnu++0x";
				CLANG_CXX_LIBRARY = "libc++";
				CLANG_ENABLE_MODULES = YES;
				CLANG_ENABLE_OBJC_ARC = YES;
				CLANG_WARN_BOOL_CONVERSION = YES;
				CLANG_WARN_CONSTANT_CONVERSION = YES;
				CLANG_WARN_DIRECT_OBJC_ISA_USAGE = YES_ERROR;
				CLANG_WARN_EMPTY_BODY = YES;
				CLANG_WARN_ENUM_CONVERSION = YES;
				CLANG_WARN_INT_CONVERSION = YES;
				CLANG_WARN_OBJC_ROOT_CLASS = YES_ERROR;
				CLANG_WARN_UNREACHABLE_CODE = YES;
				CLANG_WARN__DUPLICATE_METHOD_MATCH = YES;
				"CODE_SIGN_IDENTITY[sdk=iphoneos*]" = "iPhone Developer";
				COPY_PHASE_STRIP = NO;
				DEBUG_INFORMATION_FORMAT = "dwarf-with-dsym";
				ENABLE_NS_ASSERTIONS = NO;
				ENABLE_STRICT_OBJC_MSGSEND = YES;
				GCC_C_LANGUAGE_STANDARD = gnu99;
				GCC_NO_COMMON_BLOCKS = YES;
				GCC_WARN_64_TO_32_BIT_CONVERSION = YES;
				GCC_WARN_ABOUT_RETURN_TYPE = YES_ERROR;
				GCC_WARN_UNDECLARED_SELECTOR = YES;
				GCC_WARN_UNINITIALIZED_AUTOS = YES_AGGRESSIVE;
				GCC_WARN_UNUSED_FUNCTION = YES;
				GCC_WARN_UNUSED_VARIABLE = YES;
				IPHONEOS_DEPLOYMENT_TARGET = 9.2;
				MTL_ENABLE_DEBUG_INFO = NO;
				SDKROOT = iphoneos;
				VALIDATE_PRODUCT = YES;
			};
			name = Release;
		};
		840A2D4D1C271A6A003639FF /* Debug */ = {
			isa = XCBuildConfiguration;
			buildSettings = {
				ASSETCATALOG_COMPILER_APPICON_NAME = AppIcon;
				INFOPLIST_FILE = "05-CoreText/Info.plist";
				LD_RUNPATH_SEARCH_PATHS = "$(inherited) @executable_path/Frameworks";
				PRODUCT_BUNDLE_IDENTIFIER = "com.claytinnell.-5-CoreText";
				PRODUCT_NAME = "$(TARGET_NAME)";
			};
			name = Debug;
		};
		840A2D4E1C271A6A003639FF /* Release */ = {
			isa = XCBuildConfiguration;
			buildSettings = {
				ASSETCATALOG_COMPILER_APPICON_NAME = AppIcon;
				INFOPLIST_FILE = "05-CoreText/Info.plist";
				LD_RUNPATH_SEARCH_PATHS = "$(inherited) @executable_path/Frameworks";
				PRODUCT_BUNDLE_IDENTIFIER = "com.claytinnell.-5-CoreText";
				PRODUCT_NAME = "$(TARGET_NAME)";
			};
			name = Release;
		};
/* End XCBuildConfiguration section */

/* Begin XCConfigurationList section */
		840A2D351C271A6A003639FF /* Build configuration list for PBXProject "05-CoreText" */ = {
			isa = XCConfigurationList;
			buildConfigurations = (
				840A2D4A1C271A6A003639FF /* Debug */,
				840A2D4B1C271A6A003639FF /* Release */,
			);
			defaultConfigurationIsVisible = 0;
			defaultConfigurationName = Release;
		};
		840A2D4C1C271A6A003639FF /* Build configuration list for PBXNativeTarget "05-CoreText" */ = {
			isa = XCConfigurationList;
			buildConfigurations = (
				840A2D4D1C271A6A003639FF /* Debug */,
				840A2D4E1C271A6A003639FF /* Release */,
			);
			defaultConfigurationIsVisible = 0;
		};
/* End XCConfigurationList section */
	};
	rootObject = 840A2D321C271A6A003639FF /* Project object */;
}
