// !$*UTF8*$!
{
	archiveVersion = 1;
	classes = {
	};
	objectVersion = 46;
	objects = {

/* Begin PBXBuildFile section */
		8434DF351BFD3DE70042C6C1 /* AppDelegate.swift in Sources */ = {isa = PBXBuildFile; fileRef = 8434DF341BFD3DE70042C6C1 /* AppDelegate.swift */; };
		8434DF371BFD3DE70042C6C1 /* ViewController.swift in Sources */ = {isa = PBXBuildFile; fileRef = 8434DF361BFD3DE70042C6C1 /* ViewController.swift */; };
		8434DF3A1BFD3DE70042C6C1 /* Main.storyboard in Resources */ = {isa = PBXBuildFile; fileRef = 8434DF381BFD3DE70042C6C1 /* Main.storyboard */; };
		8434DF3C1BFD3DE70042C6C1 /* Assets.xcassets in Resources */ = {isa = PBXBuildFile; fileRef = 8434DF3B1BFD3DE70042C6C1 /* Assets.xcassets */; };
		8434DF3F1BFD3DE80042C6C1 /* LaunchScreen.storyboard in Resources */ = {isa = PBXBuildFile; fileRef = 8434DF3D1BFD3DE80042C6C1 /* LaunchScreen.storyboard */; };
		8434DF481BFD3E7F0042C6C1 /* CoreDataManager.swift in Sources */ = {isa = PBXBuildFile; fileRef = 8434DF471BFD3E7F0042C6C1 /* CoreDataManager.swift */; };
		8434DF4F1BFD48310042C6C1 /* CoreDataModel.xcdatamodeld in Sources */ = {isa = PBXBuildFile; fileRef = 8434DF4D1BFD48310042C6C1 /* CoreDataModel.xcdatamodeld */; };
/* End PBXBuildFile section */

/* Begin PBXFileReference section */
		8434DF311BFD3DE70042C6C1 /* 02-Swift-Multithreaded Core Data.app */ = {isa = PBXFileReference; explicitFileType = wrapper.application; includeInIndex = 0; path = "02-Swift-Multithreaded Core Data.app"; sourceTree = BUILT_PRODUCTS_DIR; };
		8434DF341BFD3DE70042C6C1 /* AppDelegate.swift */ = {isa = PBXFileReference; lastKnownFileType = sourcecode.swift; path = AppDelegate.swift; sourceTree = "<group>"; };
		8434DF361BFD3DE70042C6C1 /* ViewController.swift */ = {isa = PBXFileReference; lastKnownFileType = sourcecode.swift; path = ViewController.swift; sourceTree = "<group>"; };
		8434DF391BFD3DE70042C6C1 /* Base */ = {isa = PBXFileReference; lastKnownFileType = file.storyboard; name = Base; path = Base.lproj/Main.storyboard; sourceTree = "<group>"; };
		8434DF3B1BFD3DE70042C6C1 /* Assets.xcassets */ = {isa = PBXFileReference; lastKnownFileType = folder.assetcatalog; path = Assets.xcassets; sourceTree = "<group>"; };
		8434DF3E1BFD3DE80042C6C1 /* Base */ = {isa = PBXFileReference; lastKnownFileType = file.storyboard; name = Base; path = Base.lproj/LaunchScreen.storyboard; sourceTree = "<group>"; };
		8434DF401BFD3DE80042C6C1 /* Info.plist */ = {isa = PBXFileReference; lastKnownFileType = text.plist.xml; path = Info.plist; sourceTree = "<group>"; };
		8434DF471BFD3E7F0042C6C1 /* CoreDataManager.swift */ = {isa = PBXFileReference; fileEncoding = 4; lastKnownFileType = sourcecode.swift; path = CoreDataManager.swift; sourceTree = "<group>"; };
		8434DF4E1BFD48310042C6C1 /* CoreDataModel.xcdatamodel */ = {isa = PBXFileReference; lastKnownFileType = wrapper.xcdatamodel; path = CoreDataModel.xcdatamodel; sourceTree = "<group>"; };
		8434DF501BFD48480042C6C1 /* CoreDataModel 2.xcdatamodel */ = {isa = PBXFileReference; lastKnownFileType = wrapper.xcdatamodel; path = "CoreDataModel 2.xcdatamodel"; sourceTree = "<group>"; };
/* End PBXFileReference section */

/* Begin PBXFrameworksBuildPhase section */
		8434DF2E1BFD3DE70042C6C1 /* Frameworks */ = {
			isa = PBXFrameworksBuildPhase;
			buildActionMask = 2147483647;
			files = (
			);
			runOnlyForDeploymentPostprocessing = 0;
		};
/* End PBXFrameworksBuildPhase section */

/* Begin PBXGroup section */
		8434DF281BFD3DE70042C6C1 = {
			isa = PBXGroup;
			children = (
				8434DF331BFD3DE70042C6C1 /* 02-Swift-Multithreaded Core Data */,
				8434DF321BFD3DE70042C6C1 /* Products */,
			);
			sourceTree = "<group>";
		};
		8434DF321BFD3DE70042C6C1 /* Products */ = {
			isa = PBXGroup;
			children = (
				8434DF311BFD3DE70042C6C1 /* 02-Swift-Multithreaded Core Data.app */,
			);
			name = Products;
			sourceTree = "<group>";
		};
		8434DF331BFD3DE70042C6C1 /* 02-Swift-Multithreaded Core Data */ = {
			isa = PBXGroup;
			children = (
				8434DF461BFD3E720042C6C1 /* Model */,
				8434DF341BFD3DE70042C6C1 /* AppDelegate.swift */,
				8434DF361BFD3DE70042C6C1 /* ViewController.swift */,
				8434DF381BFD3DE70042C6C1 /* Main.storyboard */,
				8434DF3B1BFD3DE70042C6C1 /* Assets.xcassets */,
				8434DF3D1BFD3DE80042C6C1 /* LaunchScreen.storyboard */,
				8434DF401BFD3DE80042C6C1 /* Info.plist */,
			);
			path = "02-Swift-Multithreaded Core Data";
			sourceTree = "<group>";
		};
		8434DF461BFD3E720042C6C1 /* Model */ = {
			isa = PBXGroup;
			children = (
				8434DF471BFD3E7F0042C6C1 /* CoreDataManager.swift */,
				8434DF4D1BFD48310042C6C1 /* CoreDataModel.xcdatamodeld */,
			);
			name = Model;
			sourceTree = "<group>";
		};
/* End PBXGroup section */

/* Begin PBXNativeTarget section */
		8434DF301BFD3DE70042C6C1 /* 02-Swift-Multithreaded Core Data */ = {
			isa = PBXNativeTarget;
			buildConfigurationList = 8434DF431BFD3DE80042C6C1 /* Build configuration list for PBXNativeTarget "02-Swift-Multithreaded Core Data" */;
			buildPhases = (
				8434DF2D1BFD3DE70042C6C1 /* Sources */,
				8434DF2E1BFD3DE70042C6C1 /* Frameworks */,
				8434DF2F1BFD3DE70042C6C1 /* Resources */,
			);
			buildRules = (
			);
			dependencies = (
			);
			name = "02-Swift-Multithreaded Core Data";
			productName = "02-Swift-Multithreaded Core Data";
			productReference = 8434DF311BFD3DE70042C6C1 /* 02-Swift-Multithreaded Core Data.app */;
			productType = "com.apple.product-type.application";
		};
/* End PBXNativeTarget section */

/* Begin PBXProject section */
		8434DF291BFD3DE70042C6C1 /* Project object */ = {
			isa = PBXProject;
			attributes = {
				LastSwiftMigration = 0710;
				LastSwiftUpdateCheck = 0710;
				LastUpgradeCheck = 0710;
				ORGANIZATIONNAME = "Clay Tinnell";
				TargetAttributes = {
					8434DF301BFD3DE70042C6C1 = {
						CreatedOnToolsVersion = 7.1.1;
					};
				};
			};
			buildConfigurationList = 8434DF2C1BFD3DE70042C6C1 /* Build configuration list for PBXProject "02-Swift-Multithreaded Core Data" */;
			compatibilityVersion = "Xcode 3.2";
			developmentRegion = English;
			hasScannedForEncodings = 0;
			knownRegions = (
				en,
				Base,
			);
			mainGroup = 8434DF281BFD3DE70042C6C1;
			productRefGroup = 8434DF321BFD3DE70042C6C1 /* Products */;
			projectDirPath = "";
			projectRoot = "";
			targets = (
				8434DF301BFD3DE70042C6C1 /* 02-Swift-Multithreaded Core Data */,
			);
		};
/* End PBXProject section */

/* Begin PBXResourcesBuildPhase section */
		8434DF2F1BFD3DE70042C6C1 /* Resources */ = {
			isa = PBXResourcesBuildPhase;
			buildActionMask = 2147483647;
			files = (
				8434DF3F1BFD3DE80042C6C1 /* LaunchScreen.storyboard in Resources */,
				8434DF3C1BFD3DE70042C6C1 /* Assets.xcassets in Resources */,
				8434DF3A1BFD3DE70042C6C1 /* Main.storyboard in Resources */,
			);
			runOnlyForDeploymentPostprocessing = 0;
		};
/* End PBXResourcesBuildPhase section */

/* Begin PBXSourcesBuildPhase section */
		8434DF2D1BFD3DE70042C6C1 /* Sources */ = {
			isa = PBXSourcesBuildPhase;
			buildActionMask = 2147483647;
			files = (
				8434DF481BFD3E7F0042C6C1 /* CoreDataManager.swift in Sources */,
				8434DF371BFD3DE70042C6C1 /* ViewController.swift in Sources */,
				8434DF4F1BFD48310042C6C1 /* CoreDataModel.xcdatamodeld in Sources */,
				8434DF351BFD3DE70042C6C1 /* AppDelegate.swift in Sources */,
			);
			runOnlyForDeploymentPostprocessing = 0;
		};
/* End PBXSourcesBuildPhase section */

/* Begin PBXVariantGroup section */
		8434DF381BFD3DE70042C6C1 /* Main.storyboard */ = {
			isa = PBXVariantGroup;
			children = (
				8434DF391BFD3DE70042C6C1 /* Base */,
			);
			name = Main.storyboard;
			sourceTree = "<group>";
		};
		8434DF3D1BFD3DE80042C6C1 /* LaunchScreen.storyboard */ = {
			isa = PBXVariantGroup;
			children = (
				8434DF3E1BFD3DE80042C6C1 /* Base */,
			);
			name = LaunchScreen.storyboard;
			sourceTree = "<group>";
		};
/* End PBXVariantGroup section */

/* Begin XCBuildConfiguration section */
		8434DF411BFD3DE80042C6C1 /* Debug */ = {
			isa = XCBuildConfiguration;
			buildSettings = {
				ALWAYS_SEARCH_USER_PATHS = NO;
				CLANG_CXX_LANGUAGE_STANDARD = "gnu++0x";
				CLANG_CXX_LIBRARY = "libc++";
				CLANG_ENABLE_MODULES = YES;
				CLANG_ENABLE_OBJC_ARC = YES;
				CLANG_WARN_BOOL_CONVERSION = YES;
				CLANG_WARN_CONSTANT_CONVERSION = YES;
				CLANG_WARN_DIRECT_OBJC_ISA_USAGE = YES_ERROR;
				CLANG_WARN_EMPTY_BODY = YES;
				CLANG_WARN_ENUM_CONVERSION = YES;
				CLANG_WARN_INT_CONVERSION = YES;
				CLANG_WARN_OBJC_ROOT_CLASS = YES_ERROR;
				CLANG_WARN_UNREACHABLE_CODE = YES;
				CLANG_WARN__DUPLICATE_METHOD_MATCH = YES;
				"CODE_SIGN_IDENTITY[sdk=iphoneos*]" = "iPhone Developer";
				COPY_PHASE_STRIP = NO;
				DEBUG_INFORMATION_FORMAT = dwarf;
				ENABLE_STRICT_OBJC_MSGSEND = YES;
				ENABLE_TESTABILITY = YES;
				GCC_C_LANGUAGE_STANDARD = gnu99;
				GCC_DYNAMIC_NO_PIC = NO;
				GCC_NO_COMMON_BLOCKS = YES;
				GCC_OPTIMIZATION_LEVEL = 0;
				GCC_PREPROCESSOR_DEFINITIONS = (
					"DEBUG=1",
					"$(inherited)",
				);
				GCC_WARN_64_TO_32_BIT_CONVERSION = YES;
				GCC_WARN_ABOUT_RETURN_TYPE = YES_ERROR;
				GCC_WARN_UNDECLARED_SELECTOR = YES;
				GCC_WARN_UNINITIALIZED_AUTOS = YES_AGGRESSIVE;
				GCC_WARN_UNUSED_FUNCTION = YES;
				GCC_WARN_UNUSED_VARIABLE = YES;
				IPHONEOS_DEPLOYMENT_TARGET = 9.1;
				MTL_ENABLE_DEBUG_INFO = YES;
				ONLY_ACTIVE_ARCH = YES;
				SDKROOT = iphoneos;
				SWIFT_OPTIMIZATION_LEVEL = "-Onone";
				TARGETED_DEVICE_FAMILY = "1,2";
			};
			name = Debug;
		};
		8434DF421BFD3DE80042C6C1 /* Release */ = {
			isa = XCBuildConfiguration;
			buildSettings = {
				ALWAYS_SEARCH_USER_PATHS = NO;
				CLANG_CXX_LANGUAGE_STANDARD = "gnu++0x";
				CLANG_CXX_LIBRARY = "libc++";
				CLANG_ENABLE_MODULES = YES;
				CLANG_ENABLE_OBJC_ARC = YES;
				CLANG_WARN_BOOL_CONVERSION = YES;
				CLANG_WARN_CONSTANT_CONVERSION = YES;
				CLANG_WARN_DIRECT_OBJC_ISA_USAGE = YES_ERROR;
				CLANG_WARN_EMPTY_BODY = YES;
				CLANG_WARN_ENUM_CONVERSION = YES;
				CLANG_WARN_INT_CONVERSION = YES;
				CLANG_WARN_OBJC_ROOT_CLASS = YES_ERROR;
				CLANG_WARN_UNREACHABLE_CODE = YES;
				CLANG_WARN__DUPLICATE_METHOD_MATCH = YES;
				"CODE_SIGN_IDENTITY[sdk=iphoneos*]" = "iPhone Developer";
				COPY_PHASE_STRIP = NO;
				DEBUG_INFORMATION_FORMAT = "dwarf-with-dsym";
				ENABLE_NS_ASSERTIONS = NO;
				ENABLE_STRICT_OBJC_MSGSEND = YES;
				GCC_C_LANGUAGE_STANDARD = gnu99;
				GCC_NO_COMMON_BLOCKS = YES;
				GCC_WARN_64_TO_32_BIT_CONVERSION = YES;
				GCC_WARN_ABOUT_RETURN_TYPE = YES_ERROR;
				GCC_WARN_UNDECLARED_SELECTOR = YES;
				GCC_WARN_UNINITIALIZED_AUTOS = YES_AGGRESSIVE;
				GCC_WARN_UNUSED_FUNCTION = YES;
				GCC_WARN_UNUSED_VARIABLE = YES;
				IPHONEOS_DEPLOYMENT_TARGET = 9.1;
				MTL_ENABLE_DEBUG_INFO = NO;
				SDKROOT = iphoneos;
				TARGETED_DEVICE_FAMILY = "1,2";
				VALIDATE_PRODUCT = YES;
			};
			name = Release;
		};
		8434DF441BFD3DE80042C6C1 /* Debug */ = {
			isa = XCBuildConfiguration;
			buildSettings = {
				ASSETCATALOG_COMPILER_APPICON_NAME = AppIcon;
				INFOPLIST_FILE = "02-Swift-Multithreaded Core Data/Info.plist";
				LD_RUNPATH_SEARCH_PATHS = "$(inherited) @executable_path/Frameworks";
				PRODUCT_BUNDLE_IDENTIFIER = "com.claytinnell.-2-Swift-Multithreaded-Core-Data";
				PRODUCT_NAME = "$(TARGET_NAME)";
			};
			name = Debug;
		};
		8434DF451BFD3DE80042C6C1 /* Release */ = {
			isa = XCBuildConfiguration;
			buildSettings = {
				ASSETCATALOG_COMPILER_APPICON_NAME = AppIcon;
				INFOPLIST_FILE = "02-Swift-Multithreaded Core Data/Info.plist";
				LD_RUNPATH_SEARCH_PATHS = "$(inherited) @executable_path/Frameworks";
				PRODUCT_BUNDLE_IDENTIFIER = "com.claytinnell.-2-Swift-Multithreaded-Core-Data";
				PRODUCT_NAME = "$(TARGET_NAME)";
			};
			name = Release;
		};
/* End XCBuildConfiguration section */

/* Begin XCConfigurationList section */
		8434DF2C1BFD3DE70042C6C1 /* Build configuration list for PBXProject "02-Swift-Multithreaded Core Data" */ = {
			isa = XCConfigurationList;
			buildConfigurations = (
				8434DF411BFD3DE80042C6C1 /* Debug */,
				8434DF421BFD3DE80042C6C1 /* Release */,
			);
			defaultConfigurationIsVisible = 0;
			defaultConfigurationName = Release;
		};
		8434DF431BFD3DE80042C6C1 /* Build configuration list for PBXNativeTarget "02-Swift-Multithreaded Core Data" */ = {
			isa = XCConfigurationList;
			buildConfigurations = (
				8434DF441BFD3DE80042C6C1 /* Debug */,
				8434DF451BFD3DE80042C6C1 /* Release */,
			);
			defaultConfigurationIsVisible = 0;
		};
/* End XCConfigurationList section */

/* Begin XCVersionGroup section */
		8434DF4D1BFD48310042C6C1 /* CoreDataModel.xcdatamodeld */ = {
			isa = XCVersionGroup;
			children = (
				8434DF501BFD48480042C6C1 /* CoreDataModel 2.xcdatamodel */,
				8434DF4E1BFD48310042C6C1 /* CoreDataModel.xcdatamodel */,
			);
			currentVersion = 8434DF501BFD48480042C6C1 /* CoreDataModel 2.xcdatamodel */;
			path = CoreDataModel.xcdatamodeld;
			sourceTree = "<group>";
			versionGroupType = wrapper.xcdatamodel;
		};
/* End XCVersionGroup section */
	};
	rootObject = 8434DF291BFD3DE70042C6C1 /* Project object */;
}
