// !$*UTF8*$!
{
	archiveVersion = 1;
	classes = {
	};
	objectVersion = 46;
	objects = {

/* Begin PBXBuildFile section */
		84DD7B971C38777C004F4E4B /* AppDelegate.swift in Sources */ = {isa = PBXBuildFile; fileRef = 84DD7B961C38777C004F4E4B /* AppDelegate.swift */; };
		84DD7B991C38777C004F4E4B /* ViewController.swift in Sources */ = {isa = PBXBuildFile; fileRef = 84DD7B981C38777C004F4E4B /* ViewController.swift */; };
		84DD7B9C1C38777C004F4E4B /* Main.storyboard in Resources */ = {isa = PBXBuildFile; fileRef = 84DD7B9A1C38777C004F4E4B /* Main.storyboard */; };
		84DD7B9E1C38777C004F4E4B /* Assets.xcassets in Resources */ = {isa = PBXBuildFile; fileRef = 84DD7B9D1C38777C004F4E4B /* Assets.xcassets */; };
		84DD7BA11C38777C004F4E4B /* LaunchScreen.storyboard in Resources */ = {isa = PBXBuildFile; fileRef = 84DD7B9F1C38777C004F4E4B /* LaunchScreen.storyboard */; };
		84DD7BA91C39E4D4004F4E4B /* WordFlowViewController.swift in Sources */ = {isa = PBXBuildFile; fileRef = 84DD7BA81C39E4D4004F4E4B /* WordFlowViewController.swift */; };
/* End PBXBuildFile section */

/* Begin PBXFileReference section */
		84DD7B931C38777C004F4E4B /* 06-TextKit.app */ = {isa = PBXFileReference; explicitFileType = wrapper.application; includeInIndex = 0; path = "06-TextKit.app"; sourceTree = BUILT_PRODUCTS_DIR; };
		84DD7B961C38777C004F4E4B /* AppDelegate.swift */ = {isa = PBXFileReference; lastKnownFileType = sourcecode.swift; path = AppDelegate.swift; sourceTree = "<group>"; };
		84DD7B981C38777C004F4E4B /* ViewController.swift */ = {isa = PBXFileReference; lastKnownFileType = sourcecode.swift; path = ViewController.swift; sourceTree = "<group>"; };
		84DD7B9B1C38777C004F4E4B /* Base */ = {isa = PBXFileReference; lastKnownFileType = file.storyboard; name = Base; path = Base.lproj/Main.storyboard; sourceTree = "<group>"; };
		84DD7B9D1C38777C004F4E4B /* Assets.xcassets */ = {isa = PBXFileReference; lastKnownFileType = folder.assetcatalog; path = Assets.xcassets; sourceTree = "<group>"; };
		84DD7BA01C38777C004F4E4B /* Base */ = {isa = PBXFileReference; lastKnownFileType = file.storyboard; name = Base; path = Base.lproj/LaunchScreen.storyboard; sourceTree = "<group>"; };
		84DD7BA21C38777C004F4E4B /* Info.plist */ = {isa = PBXFileReference; lastKnownFileType = text.plist.xml; path = Info.plist; sourceTree = "<group>"; };
		84DD7BA81C39E4D4004F4E4B /* WordFlowViewController.swift */ = {isa = PBXFileReference; fileEncoding = 4; lastKnownFileType = sourcecode.swift; path = WordFlowViewController.swift; sourceTree = "<group>"; };
/* End PBXFileReference section */

/* Begin PBXFrameworksBuildPhase section */
		84DD7B901C38777C004F4E4B /* Frameworks */ = {
			isa = PBXFrameworksBuildPhase;
			buildActionMask = 2147483647;
			files = (
			);
			runOnlyForDeploymentPostprocessing = 0;
		};
/* End PBXFrameworksBuildPhase section */

/* Begin PBXGroup section */
		84DD7B8A1C38777C004F4E4B = {
			isa = PBXGroup;
			children = (
				84DD7B951C38777C004F4E4B /* 06-TextKit */,
				84DD7B941C38777C004F4E4B /* Products */,
			);
			sourceTree = "<group>";
		};
		84DD7B941C38777C004F4E4B /* Products */ = {
			isa = PBXGroup;
			children = (
				84DD7B931C38777C004F4E4B /* 06-TextKit.app */,
			);
			name = Products;
			sourceTree = "<group>";
		};
		84DD7B951C38777C004F4E4B /* 06-TextKit */ = {
			isa = PBXGroup;
			children = (
				84DD7B961C38777C004F4E4B /* AppDelegate.swift */,
				84DD7B981C38777C004F4E4B /* ViewController.swift */,
				84DD7BA81C39E4D4004F4E4B /* WordFlowViewController.swift */,
				84DD7B9A1C38777C004F4E4B /* Main.storyboard */,
				84DD7B9D1C38777C004F4E4B /* Assets.xcassets */,
				84DD7B9F1C38777C004F4E4B /* LaunchScreen.storyboard */,
				84DD7BA21C38777C004F4E4B /* Info.plist */,
			);
			path = "06-TextKit";
			sourceTree = "<group>";
		};
/* End PBXGroup section */

/* Begin PBXNativeTarget section */
		84DD7B921C38777C004F4E4B /* 06-TextKit */ = {
			isa = PBXNativeTarget;
			buildConfigurationList = 84DD7BA51C38777C004F4E4B /* Build configuration list for PBXNativeTarget "06-TextKit" */;
			buildPhases = (
				84DD7B8F1C38777C004F4E4B /* Sources */,
				84DD7B901C38777C004F4E4B /* Frameworks */,
				84DD7B911C38777C004F4E4B /* Resources */,
			);
			buildRules = (
			);
			dependencies = (
			);
			name = "06-TextKit";
			productName = "06-TextKit";
			productReference = 84DD7B931C38777C004F4E4B /* 06-TextKit.app */;
			productType = "com.apple.product-type.application";
		};
/* End PBXNativeTarget section */

/* Begin PBXProject section */
		84DD7B8B1C38777C004F4E4B /* Project object */ = {
			isa = PBXProject;
			attributes = {
				LastSwiftUpdateCheck = 0720;
				LastUpgradeCheck = 0720;
				ORGANIZATIONNAME = "Clay Tinnell";
				TargetAttributes = {
					84DD7B921C38777C004F4E4B = {
						CreatedOnToolsVersion = 7.2;
					};
				};
			};
			buildConfigurationList = 84DD7B8E1C38777C004F4E4B /* Build configuration list for PBXProject "06-TextKit" */;
			compatibilityVersion = "Xcode 3.2";
			developmentRegion = English;
			hasScannedForEncodings = 0;
			knownRegions = (
				en,
				Base,
			);
			mainGroup = 84DD7B8A1C38777C004F4E4B;
			productRefGroup = 84DD7B941C38777C004F4E4B /* Products */;
			projectDirPath = "";
			projectRoot = "";
			targets = (
				84DD7B921C38777C004F4E4B /* 06-TextKit */,
			);
		};
/* End PBXProject section */

/* Begin PBXResourcesBuildPhase section */
		84DD7B911C38777C004F4E4B /* Resources */ = {
			isa = PBXResourcesBuildPhase;
			buildActionMask = 2147483647;
			files = (
				84DD7BA11C38777C004F4E4B /* LaunchScreen.storyboard in Resources */,
				84DD7B9E1C38777C004F4E4B /* Assets.xcassets in Resources */,
				84DD7B9C1C38777C004F4E4B /* Main.storyboard in Resources */,
			);
			runOnlyForDeploymentPostprocessing = 0;
		};
/* End PBXResourcesBuildPhase section */

/* Begin PBXSourcesBuildPhase section */
		84DD7B8F1C38777C004F4E4B /* Sources */ = {
			isa = PBXSourcesBuildPhase;
			buildActionMask = 2147483647;
			files = (
				84DD7B991C38777C004F4E4B /* ViewController.swift in Sources */,
				84DD7BA91C39E4D4004F4E4B /* WordFlowViewController.swift in Sources */,
				84DD7B971C38777C004F4E4B /* AppDelegate.swift in Sources */,
			);
			runOnlyForDeploymentPostprocessing = 0;
		};
/* End PBXSourcesBuildPhase section */

/* Begin PBXVariantGroup section */
		84DD7B9A1C38777C004F4E4B /* Main.storyboard */ = {
			isa = PBXVariantGroup;
			children = (
				84DD7B9B1C38777C004F4E4B /* Base */,
			);
			name = Main.storyboard;
			sourceTree = "<group>";
		};
		84DD7B9F1C38777C004F4E4B /* LaunchScreen.storyboard */ = {
			isa = PBXVariantGroup;
			children = (
				84DD7BA01C38777C004F4E4B /* Base */,
			);
			name = LaunchScreen.storyboard;
			sourceTree = "<group>";
		};
/* End PBXVariantGroup section */

/* Begin XCBuildConfiguration section */
		84DD7BA31C38777C004F4E4B /* Debug */ = {
			isa = XCBuildConfiguration;
			buildSettings = {
				ALWAYS_SEARCH_USER_PATHS = NO;
				CLANG_CXX_LANGUAGE_STANDARD = "gnu++0x";
				CLANG_CXX_LIBRARY = "libc++";
				CLANG_ENABLE_MODULES = YES;
				CLANG_ENABLE_OBJC_ARC = YES;
				CLANG_WARN_BOOL_CONVERSION = YES;
				CLANG_WARN_CONSTANT_CONVERSION = YES;
				CLANG_WARN_DIRECT_OBJC_ISA_USAGE = YES_ERROR;
				CLANG_WARN_EMPTY_BODY = YES;
				CLANG_WARN_ENUM_CONVERSION = YES;
				CLANG_WARN_INT_CONVERSION = YES;
				CLANG_WARN_OBJC_ROOT_CLASS = YES_ERROR;
				CLANG_WARN_UNREACHABLE_CODE = YES;
				CLANG_WARN__DUPLICATE_METHOD_MATCH = YES;
				"CODE_SIGN_IDENTITY[sdk=iphoneos*]" = "iPhone Developer";
				COPY_PHASE_STRIP = NO;
				DEBUG_INFORMATION_FORMAT = dwarf;
				ENABLE_STRICT_OBJC_MSGSEND = YES;
				ENABLE_TESTABILITY = YES;
				GCC_C_LANGUAGE_STANDARD = gnu99;
				GCC_DYNAMIC_NO_PIC = NO;
				GCC_NO_COMMON_BLOCKS = YES;
				GCC_OPTIMIZATION_LEVEL = 0;
				GCC_PREPROCESSOR_DEFINITIONS = (
					"DEBUG=1",
					"$(inherited)",
				);
				GCC_WARN_64_TO_32_BIT_CONVERSION = YES;
				GCC_WARN_ABOUT_RETURN_TYPE = YES_ERROR;
				GCC_WARN_UNDECLARED_SELECTOR = YES;
				GCC_WARN_UNINITIALIZED_AUTOS = YES_AGGRESSIVE;
				GCC_WARN_UNUSED_FUNCTION = YES;
				GCC_WARN_UNUSED_VARIABLE = YES;
				IPHONEOS_DEPLOYMENT_TARGET = 9.2;
				MTL_ENABLE_DEBUG_INFO = YES;
				ONLY_ACTIVE_ARCH = YES;
				SDKROOT = iphoneos;
				SWIFT_OPTIMIZATION_LEVEL = "-Onone";
			};
			name = Debug;
		};
		84DD7BA41C38777C004F4E4B /* Release */ = {
			isa = XCBuildConfiguration;
			buildSettings = {
				ALWAYS_SEARCH_USER_PATHS = NO;
				CLANG_CXX_LANGUAGE_STANDARD = "gnu++0x";
				CLANG_CXX_LIBRARY = "libc++";
				CLANG_ENABLE_MODULES = YES;
				CLANG_ENABLE_OBJC_ARC = YES;
				CLANG_WARN_BOOL_CONVERSION = YES;
				CLANG_WARN_CONSTANT_CONVERSION = YES;
				CLANG_WARN_DIRECT_OBJC_ISA_USAGE = YES_ERROR;
				CLANG_WARN_EMPTY_BODY = YES;
				CLANG_WARN_ENUM_CONVERSION = YES;
				CLANG_WARN_INT_CONVERSION = YES;
				CLANG_WARN_OBJC_ROOT_CLASS = YES_ERROR;
				CLANG_WARN_UNREACHABLE_CODE = YES;
				CLANG_WARN__DUPLICATE_METHOD_MATCH = YES;
				"CODE_SIGN_IDENTITY[sdk=iphoneos*]" = "iPhone Developer";
				COPY_PHASE_STRIP = NO;
				DEBUG_INFORMATION_FORMAT = "dwarf-with-dsym";
				ENABLE_NS_ASSERTIONS = NO;
				ENABLE_STRICT_OBJC_MSGSEND = YES;
				GCC_C_LANGUAGE_STANDARD = gnu99;
				GCC_NO_COMMON_BLOCKS = YES;
				GCC_WARN_64_TO_32_BIT_CONVERSION = YES;
				GCC_WARN_ABOUT_RETURN_TYPE = YES_ERROR;
				GCC_WARN_UNDECLARED_SELECTOR = YES;
				GCC_WARN_UNINITIALIZED_AUTOS = YES_AGGRESSIVE;
				GCC_WARN_UNUSED_FUNCTION = YES;
				GCC_WARN_UNUSED_VARIABLE = YES;
				IPHONEOS_DEPLOYMENT_TARGET = 9.2;
				MTL_ENABLE_DEBUG_INFO = NO;
				SDKROOT = iphoneos;
				VALIDATE_PRODUCT = YES;
			};
			name = Release;
		};
		84DD7BA61C38777C004F4E4B /* Debug */ = {
			isa = XCBuildConfiguration;
			buildSettings = {
				ASSETCATALOG_COMPILER_APPICON_NAME = AppIcon;
				INFOPLIST_FILE = "06-TextKit/Info.plist";
				LD_RUNPATH_SEARCH_PATHS = "$(inherited) @executable_path/Frameworks";
				PRODUCT_BUNDLE_IDENTIFIER = "com.claytinnell.-6-TextKit";
				PRODUCT_NAME = "$(TARGET_NAME)";
			};
			name = Debug;
		};
		84DD7BA71C38777C004F4E4B /* Release */ = {
			isa = XCBuildConfiguration;
			buildSettings = {
				ASSETCATALOG_COMPILER_APPICON_NAME = AppIcon;
				INFOPLIST_FILE = "06-TextKit/Info.plist";
				LD_RUNPATH_SEARCH_PATHS = "$(inherited) @executable_path/Frameworks";
				PRODUCT_BUNDLE_IDENTIFIER = "com.claytinnell.-6-TextKit";
				PRODUCT_NAME = "$(TARGET_NAME)";
			};
			name = Release;
		};
/* End XCBuildConfiguration section */

/* Begin XCConfigurationList section */
		84DD7B8E1C38777C004F4E4B /* Build configuration list for PBXProject "06-TextKit" */ = {
			isa = XCConfigurationList;
			buildConfigurations = (
				84DD7BA31C38777C004F4E4B /* Debug */,
				84DD7BA41C38777C004F4E4B /* Release */,
			);
			defaultConfigurationIsVisible = 0;
			defaultConfigurationName = Release;
		};
		84DD7BA51C38777C004F4E4B /* Build configuration list for PBXNativeTarget "06-TextKit" */ = {
			isa = XCConfigurationList;
			buildConfigurations = (
				84DD7BA61C38777C004F4E4B /* Debug */,
				84DD7BA71C38777C004F4E4B /* Release */,
			);
			defaultConfigurationIsVisible = 0;
		};
/* End XCConfigurationList section */
	};
	rootObject = 84DD7B8B1C38777C004F4E4B /* Project object */;
}
